
Microsoft Visual Studio Solution File, Format Version 12.00
# TcXaeShell Solution File, Format Version 11.00
VisualStudioVersion = 17.10.35827.194
MinimumVisualStudioVersion = 10.0.40219.1
Project("{DFBE7525-6864-4E62-8B2E-D530D69D9D96}") = "B1RollingAverage", "B1RollingAverage.tspproj", "{49D24491-E121-49EA-956F-73BDAE974C35}"
EndProject
Global
	GlobalSection(SolutionConfigurationPlatforms) = preSolution
		Debug|TwinCAT OS (ARMV7-A) = Debug|TwinCAT OS (ARMV7-A)
		Debug|TwinCAT OS (ARMV7-M) = Debug|TwinCAT OS (ARMV7-M)
		Debug|TwinCAT OS (ARMV8-A) = Debug|TwinCAT OS (ARMV8-A)
		Debug|TwinCAT OS (x64) = Debug|TwinCAT OS (x64)
		Debug|TwinCAT OS (x64-E) = Debug|TwinCAT OS (x64-E)
		Debug|TwinCAT RT (x64) = Debug|TwinCAT RT (x64)
		Debug|TwinCAT RT (x86) = Debug|TwinCAT RT (x86)
		Release|TwinCAT OS (ARMV7-A) = Release|TwinCAT OS (ARMV7-A)
		Release|TwinCAT OS (ARMV7-M) = Release|TwinCAT OS (ARMV7-M)
		Release|TwinCAT OS (ARMV8-A) = Release|TwinCAT OS (ARMV8-A)
		Release|TwinCAT OS (x64) = Release|TwinCAT OS (x64)
		Release|TwinCAT OS (x64-E) = Release|TwinCAT OS (x64-E)
		Release|TwinCAT RT (x64) = Release|TwinCAT RT (x64)
		Release|TwinCAT RT (x86) = Release|TwinCAT RT (x86)
	EndGlobalSection
	GlobalSection(ProjectConfigurationPlatforms) = postSolution
		{49D24491-E121-49EA-956F-73BDAE974C35}.Debug|TwinCAT OS (ARMV7-A).ActiveCfg = Debug|TwinCAT OS (ARMV7-A)
		{49D24491-E121-49EA-956F-73BDAE974C35}.Debug|TwinCAT OS (ARMV7-A).Build.0 = Debug|TwinCAT OS (ARMV7-A)
		{49D24491-E121-49EA-956F-73BDAE974C35}.Debug|TwinCAT OS (ARMV7-M).ActiveCfg = Debug|TwinCAT OS (ARMV7-M)
		{49D24491-E121-49EA-956F-73BDAE974C35}.Debug|TwinCAT OS (ARMV7-M).Build.0 = Debug|TwinCAT OS (ARMV7-M)
		{49D24491-E121-49EA-956F-73BDAE974C35}.Debug|TwinCAT OS (ARMV8-A).ActiveCfg = Debug|TwinCAT OS (ARMV8-A)
		{49D24491-E121-49EA-956F-73BDAE974C35}.Debug|TwinCAT OS (ARMV8-A).Build.0 = Debug|TwinCAT OS (ARMV8-A)
		{49D24491-E121-49EA-956F-73BDAE974C35}.Debug|TwinCAT OS (x64).ActiveCfg = Debug|TwinCAT OS (x64)
		{49D24491-E121-49EA-956F-73BDAE974C35}.Debug|TwinCAT OS (x64).Build.0 = Debug|TwinCAT OS (x64)
		{49D24491-E121-49EA-956F-73BDAE974C35}.Debug|TwinCAT OS (x64-E).ActiveCfg = Debug|TwinCAT OS (x64-E)
		{49D24491-E121-49EA-956F-73BDAE974C35}.Debug|TwinCAT OS (x64-E).Build.0 = Debug|TwinCAT OS (x64-E)
		{49D24491-E121-49EA-956F-73BDAE974C35}.Debug|TwinCAT RT (x64).ActiveCfg = Debug|TwinCAT RT (x64)
		{49D24491-E121-49EA-956F-73BDAE974C35}.Debug|TwinCAT RT (x64).Build.0 = Debug|TwinCAT RT (x64)
		{49D24491-E121-49EA-956F-73BDAE974C35}.Debug|TwinCAT RT (x86).ActiveCfg = Debug|TwinCAT RT (x86)
		{49D24491-E121-49EA-956F-73BDAE974C35}.Debug|TwinCAT RT (x86).Build.0 = Debug|TwinCAT RT (x86)
		{49D24491-E121-49EA-956F-73BDAE974C35}.Release|TwinCAT OS (ARMV7-A).ActiveCfg = Release|TwinCAT OS (ARMV7-A)
		{49D24491-E121-49EA-956F-73BDAE974C35}.Release|TwinCAT OS (ARMV7-A).Build.0 = Release|TwinCAT OS (ARMV7-A)
		{49D24491-E121-49EA-956F-73BDAE974C35}.Release|TwinCAT OS (ARMV7-M).ActiveCfg = Release|TwinCAT OS (ARMV7-M)
		{49D24491-E121-49EA-956F-73BDAE974C35}.Release|TwinCAT OS (ARMV7-M).Build.0 = Release|TwinCAT OS (ARMV7-M)
		{49D24491-E121-49EA-956F-73BDAE974C35}.Release|TwinCAT OS (ARMV8-A).ActiveCfg = Release|TwinCAT OS (ARMV8-A)
		{49D24491-E121-49EA-956F-73BDAE974C35}.Release|TwinCAT OS (ARMV8-A).Build.0 = Release|TwinCAT OS (ARMV8-A)
		{49D24491-E121-49EA-956F-73BDAE974C35}.Release|TwinCAT OS (x64).ActiveCfg = Release|TwinCAT OS (x64)
		{49D24491-E121-49EA-956F-73BDAE974C35}.Release|TwinCAT OS (x64).Build.0 = Release|TwinCAT OS (x64)
		{49D24491-E121-49EA-956F-73BDAE974C35}.Release|TwinCAT OS (x64-E).ActiveCfg = Release|TwinCAT OS (x64-E)
		{49D24491-E121-49EA-956F-73BDAE974C35}.Release|TwinCAT OS (x64-E).Build.0 = Release|TwinCAT OS (x64-E)
		{49D24491-E121-49EA-956F-73BDAE974C35}.Release|TwinCAT RT (x64).ActiveCfg = Release|TwinCAT RT (x64)
		{49D24491-E121-49EA-956F-73BDAE974C35}.Release|TwinCAT RT (x64).Build.0 = Release|TwinCAT RT (x64)
		{49D24491-E121-49EA-956F-73BDAE974C35}.Release|TwinCAT RT (x86).ActiveCfg = Release|TwinCAT RT (x86)
		{49D24491-E121-49EA-956F-73BDAE974C35}.Release|TwinCAT RT (x86).Build.0 = Release|TwinCAT RT (x86)
		{D74BD973-B4ED-4DF6-810B-2517B9B357C8}.Debug|TwinCAT OS (ARMV7-A).ActiveCfg = Debug|TwinCAT OS (ARMV7-A)
		{D74BD973-B4ED-4DF6-810B-2517B9B357C8}.Debug|TwinCAT OS (ARMV7-A).Build.0 = Debug|TwinCAT OS (ARMV7-A)
		{D74BD973-B4ED-4DF6-810B-2517B9B357C8}.Debug|TwinCAT OS (ARMV7-M).ActiveCfg = Debug|TwinCAT OS (ARMV7-M)
		{D74BD973-B4ED-4DF6-810B-2517B9B357C8}.Debug|TwinCAT OS (ARMV7-M).Build.0 = Debug|TwinCAT OS (ARMV7-M)
		{D74BD973-B4ED-4DF6-810B-2517B9B357C8}.Debug|TwinCAT OS (ARMV8-A).ActiveCfg = Debug|TwinCAT OS (ARMV8-A)
		{D74BD973-B4ED-4DF6-810B-2517B9B357C8}.Debug|TwinCAT OS (ARMV8-A).Build.0 = Debug|TwinCAT OS (ARMV8-A)
		{D74BD973-B4ED-4DF6-810B-2517B9B357C8}.Debug|TwinCAT OS (x64).ActiveCfg = Debug|TwinCAT OS (x64)
		{D74BD973-B4ED-4DF6-810B-2517B9B357C8}.Debug|TwinCAT OS (x64).Build.0 = Debug|TwinCAT OS (x64)
		{D74BD973-B4ED-4DF6-810B-2517B9B357C8}.Debug|TwinCAT OS (x64-E).ActiveCfg = Debug|TwinCAT OS (x64-E)
		{D74BD973-B4ED-4DF6-810B-2517B9B357C8}.Debug|TwinCAT OS (x64-E).Build.0 = Debug|TwinCAT OS (x64-E)
		{D74BD973-B4ED-4DF6-810B-2517B9B357C8}.Debug|TwinCAT RT (x64).ActiveCfg = Debug|TwinCAT RT (x64)
		{D74BD973-B4ED-4DF6-810B-2517B9B357C8}.Debug|TwinCAT RT (x64).Build.0 = Debug|TwinCAT RT (x64)
		{D74BD973-B4ED-4DF6-810B-2517B9B357C8}.Debug|TwinCAT RT (x86).ActiveCfg = Debug|TwinCAT RT (x86)
		{D74BD973-B4ED-4DF6-810B-2517B9B357C8}.Debug|TwinCAT RT (x86).Build.0 = Debug|TwinCAT RT (x86)
		{D74BD973-B4ED-4DF6-810B-2517B9B357C8}.Release|TwinCAT OS (ARMV7-A).ActiveCfg = Release|TwinCAT OS (ARMV7-A)
		{D74BD973-B4ED-4DF6-810B-2517B9B357C8}.Release|TwinCAT OS (ARMV7-A).Build.0 = Release|TwinCAT OS (ARMV7-A)
		{D74BD973-B4ED-4DF6-810B-2517B9B357C8}.Release|TwinCAT OS (ARMV7-M).ActiveCfg = Release|TwinCAT OS (ARMV7-M)
		{D74BD973-B4ED-4DF6-810B-2517B9B357C8}.Release|TwinCAT OS (ARMV7-M).Build.0 = Release|TwinCAT OS (ARMV7-M)
		{D74BD973-B4ED-4DF6-810B-2517B9B357C8}.Release|TwinCAT OS (ARMV8-A).ActiveCfg = Release|TwinCAT OS (ARMV8-A)
		{D74BD973-B4ED-4DF6-810B-2517B9B357C8}.Release|TwinCAT OS (ARMV8-A).Build.0 = Release|TwinCAT OS (ARMV8-A)
		{D74BD973-B4ED-4DF6-810B-2517B9B357C8}.Release|TwinCAT OS (x64).ActiveCfg = Release|TwinCAT OS (x64)
		{D74BD973-B4ED-4DF6-810B-2517B9B357C8}.Release|TwinCAT OS (x64).Build.0 = Release|TwinCAT OS (x64)
		{D74BD973-B4ED-4DF6-810B-2517B9B357C8}.Release|TwinCAT OS (x64-E).ActiveCfg = Release|TwinCAT OS (x64-E)
		{D74BD973-B4ED-4DF6-810B-2517B9B357C8}.Release|TwinCAT OS (x64-E).Build.0 = Release|TwinCAT OS (x64-E)
		{D74BD973-B4ED-4DF6-810B-2517B9B357C8}.Release|TwinCAT RT (x64).ActiveCfg = Release|TwinCAT RT (x64)
		{D74BD973-B4ED-4DF6-810B-2517B9B357C8}.Release|TwinCAT RT (x64).Build.0 = Release|TwinCAT RT (x64)
		{D74BD973-B4ED-4DF6-810B-2517B9B357C8}.Release|TwinCAT RT (x86).ActiveCfg = Release|TwinCAT RT (x86)
		{D74BD973-B4ED-4DF6-810B-2517B9B357C8}.Release|TwinCAT RT (x86).Build.0 = Release|TwinCAT RT (x86)
		{055B050B-E1E0-4757-8437-D0C6780468BC}.Debug|TwinCAT OS (ARMV7-A).ActiveCfg = Debug|TwinCAT OS (ARMV7-A)
		{055B050B-E1E0-4757-8437-D0C6780468BC}.Debug|TwinCAT OS (ARMV7-A).Build.0 = Debug|TwinCAT OS (ARMV7-A)
		{055B050B-E1E0-4757-8437-D0C6780468BC}.Debug|TwinCAT OS (ARMV7-M).ActiveCfg = Debug|TwinCAT OS (ARMV7-M)
		{055B050B-E1E0-4757-8437-D0C6780468BC}.Debug|TwinCAT OS (ARMV7-M).Build.0 = Debug|TwinCAT OS (ARMV7-M)
		{055B050B-E1E0-4757-8437-D0C6780468BC}.Debug|TwinCAT OS (ARMV8-A).ActiveCfg = Debug|TwinCAT OS (ARMV8-A)
		{055B050B-E1E0-4757-8437-D0C6780468BC}.Debug|TwinCAT OS (ARMV8-A).Build.0 = Debug|TwinCAT OS (ARMV8-A)
		{055B050B-E1E0-4757-8437-D0C6780468BC}.Debug|TwinCAT OS (x64).ActiveCfg = Debug|TwinCAT OS (x64)
		{055B050B-E1E0-4757-8437-D0C6780468BC}.Debug|TwinCAT OS (x64).Build.0 = Debug|TwinCAT OS (x64)
		{055B050B-E1E0-4757-8437-D0C6780468BC}.Debug|TwinCAT OS (x64-E).ActiveCfg = Debug|TwinCAT OS (x64-E)
		{055B050B-E1E0-4757-8437-D0C6780468BC}.Debug|TwinCAT OS (x64-E).Build.0 = Debug|TwinCAT OS (x64-E)
		{055B050B-E1E0-4757-8437-D0C6780468BC}.Debug|TwinCAT RT (x64).ActiveCfg = Debug|TwinCAT RT (x64)
		{055B050B-E1E0-4757-8437-D0C6780468BC}.Debug|TwinCAT RT (x64).Build.0 = Debug|TwinCAT RT (x64)
		{055B050B-E1E0-4757-8437-D0C6780468BC}.Debug|TwinCAT RT (x86).ActiveCfg = Debug|TwinCAT RT (x86)
		{055B050B-E1E0-4757-8437-D0C6780468BC}.Debug|TwinCAT RT (x86).Build.0 = Debug|TwinCAT RT (x86)
		{055B050B-E1E0-4757-8437-D0C6780468BC}.Release|TwinCAT OS (ARMV7-A).ActiveCfg = Release|TwinCAT OS (ARMV7-A)
		{055B050B-E1E0-4757-8437-D0C6780468BC}.Release|TwinCAT OS (ARMV7-A).Build.0 = Release|TwinCAT OS (ARMV7-A)
		{055B050B-E1E0-4757-8437-D0C6780468BC}.Release|TwinCAT OS (ARMV7-M).ActiveCfg = Release|TwinCAT OS (ARMV7-M)
		{055B050B-E1E0-4757-8437-D0C6780468BC}.Release|TwinCAT OS (ARMV7-M).Build.0 = Release|TwinCAT OS (ARMV7-M)
		{055B050B-E1E0-4757-8437-D0C6780468BC}.Release|TwinCAT OS (ARMV8-A).ActiveCfg = Release|TwinCAT OS (ARMV8-A)
		{055B050B-E1E0-4757-8437-D0C6780468BC}.Release|TwinCAT OS (ARMV8-A).Build.0 = Release|TwinCAT OS (ARMV8-A)
		{055B050B-E1E0-4757-8437-D0C6780468BC}.Release|TwinCAT OS (x64).ActiveCfg = Release|TwinCAT OS (x64)
		{055B050B-E1E0-4757-8437-D0C6780468BC}.Release|TwinCAT OS (x64).Build.0 = Release|TwinCAT OS (x64)
		{055B050B-E1E0-4757-8437-D0C6780468BC}.Release|TwinCAT OS (x64-E).ActiveCfg = Release|TwinCAT OS (x64-E)
		{055B050B-E1E0-4757-8437-D0C6780468BC}.Release|TwinCAT OS (x64-E).Build.0 = Release|TwinCAT OS (x64-E)
		{055B050B-E1E0-4757-8437-D0C6780468BC}.Release|TwinCAT RT (x64).ActiveCfg = Release|TwinCAT RT (x64)
		{055B050B-E1E0-4757-8437-D0C6780468BC}.Release|TwinCAT RT (x64).Build.0 = Release|TwinCAT RT (x64)
		{055B050B-E1E0-4757-8437-D0C6780468BC}.Release|TwinCAT RT (x86).ActiveCfg = Release|TwinCAT RT (x86)
		{055B050B-E1E0-4757-8437-D0C6780468BC}.Release|TwinCAT RT (x86).Build.0 = Release|TwinCAT RT (x86)
	EndGlobalSection
	GlobalSection(SolutionProperties) = preSolution
		HideSolutionNode = FALSE
	EndGlobalSection
	GlobalSection(ExtensibilityGlobals) = postSolution
		SolutionGuid = {FE643582-1CC2-43E9-9A83-312B8874C51A}
	EndGlobalSection
EndGlobal
