
Microsoft Visual Studio Solution File, Format Version 12.00
# TcXaeShell Solution File, Format Version 11.00
VisualStudioVersion = 17.10.35827.194
MinimumVisualStudioVersion = 10.0.40219.1
Project("{B1E792BE-AA5F-4E3C-8C82-674BF9C0715B}") = "B1RollingAverage", "B1RollingAverage\B1RollingAverage.tsproj", "{C762236E-14F6-4B9D-9D69-0F61E9F5A4E7}"
EndProject
Project("{B1E792BE-AA5F-4E3C-8C82-674BF9C0715B}") = "RollingAverageTests_Tc", "RollingAverageTests_Tc\RollingAverageTests_Tc.tsproj", "{8039C026-0867-45DB-84BF-43C52A59C8BD}"
EndProject
Global
	GlobalSection(SolutionConfigurationPlatforms) = preSolution
		Debug|TwinCAT OS (ARMV7-A) = Debug|TwinCAT OS (ARMV7-A)
		Debug|TwinCAT OS (ARMV7-M) = Debug|TwinCAT OS (ARMV7-M)
		Debug|TwinCAT OS (ARMV8-A) = Debug|TwinCAT OS (ARMV8-A)
		Debug|TwinCAT OS (x64) = Debug|TwinCAT OS (x64)
		Debug|TwinCAT OS (x64-E) = Debug|TwinCAT OS (x64-E)
		Debug|TwinCAT RT (x64) = Debug|TwinCAT RT (x64)
		Debug|TwinCAT RT (x86) = Debug|TwinCAT RT (x86)
		Release|TwinCAT OS (ARMV7-A) = Release|TwinCAT OS (ARMV7-A)
		Release|TwinCAT OS (ARMV7-M) = Release|TwinCAT OS (ARMV7-M)
		Release|TwinCAT OS (ARMV8-A) = Release|TwinCAT OS (ARMV8-A)
		Release|TwinCAT OS (x64) = Release|TwinCAT OS (x64)
		Release|TwinCAT OS (x64-E) = Release|TwinCAT OS (x64-E)
		Release|TwinCAT RT (x64) = Release|TwinCAT RT (x64)
		Release|TwinCAT RT (x86) = Release|TwinCAT RT (x86)
	EndGlobalSection
	GlobalSection(ProjectConfigurationPlatforms) = postSolution
		{C762236E-14F6-4B9D-9D69-0F61E9F5A4E7}.Debug|TwinCAT OS (ARMV7-A).ActiveCfg = Debug|TwinCAT OS (ARMV7-A)
		{C762236E-14F6-4B9D-9D69-0F61E9F5A4E7}.Debug|TwinCAT OS (ARMV7-A).Build.0 = Debug|TwinCAT OS (ARMV7-A)
		{C762236E-14F6-4B9D-9D69-0F61E9F5A4E7}.Debug|TwinCAT OS (ARMV7-M).ActiveCfg = Debug|TwinCAT OS (ARMV7-M)
		{C762236E-14F6-4B9D-9D69-0F61E9F5A4E7}.Debug|TwinCAT OS (ARMV7-M).Build.0 = Debug|TwinCAT OS (ARMV7-M)
		{C762236E-14F6-4B9D-9D69-0F61E9F5A4E7}.Debug|TwinCAT OS (ARMV8-A).ActiveCfg = Debug|TwinCAT OS (ARMV8-A)
		{C762236E-14F6-4B9D-9D69-0F61E9F5A4E7}.Debug|TwinCAT OS (ARMV8-A).Build.0 = Debug|TwinCAT OS (ARMV8-A)
		{C762236E-14F6-4B9D-9D69-0F61E9F5A4E7}.Debug|TwinCAT OS (x64).ActiveCfg = Debug|TwinCAT OS (x64)
		{C762236E-14F6-4B9D-9D69-0F61E9F5A4E7}.Debug|TwinCAT OS (x64).Build.0 = Debug|TwinCAT OS (x64)
		{C762236E-14F6-4B9D-9D69-0F61E9F5A4E7}.Debug|TwinCAT OS (x64-E).ActiveCfg = Debug|TwinCAT OS (x64-E)
		{C762236E-14F6-4B9D-9D69-0F61E9F5A4E7}.Debug|TwinCAT OS (x64-E).Build.0 = Debug|TwinCAT OS (x64-E)
		{C762236E-14F6-4B9D-9D69-0F61E9F5A4E7}.Debug|TwinCAT RT (x64).ActiveCfg = Debug|TwinCAT RT (x64)
		{C762236E-14F6-4B9D-9D69-0F61E9F5A4E7}.Debug|TwinCAT RT (x64).Build.0 = Debug|TwinCAT RT (x64)
		{C762236E-14F6-4B9D-9D69-0F61E9F5A4E7}.Debug|TwinCAT RT (x86).ActiveCfg = Debug|TwinCAT RT (x86)
		{C762236E-14F6-4B9D-9D69-0F61E9F5A4E7}.Debug|TwinCAT RT (x86).Build.0 = Debug|TwinCAT RT (x86)
		{C762236E-14F6-4B9D-9D69-0F61E9F5A4E7}.Release|TwinCAT OS (ARMV7-A).ActiveCfg = Release|TwinCAT OS (ARMV7-A)
		{C762236E-14F6-4B9D-9D69-0F61E9F5A4E7}.Release|TwinCAT OS (ARMV7-A).Build.0 = Release|TwinCAT OS (ARMV7-A)
		{C762236E-14F6-4B9D-9D69-0F61E9F5A4E7}.Release|TwinCAT OS (ARMV7-M).ActiveCfg = Release|TwinCAT OS (ARMV7-M)
		{C762236E-14F6-4B9D-9D69-0F61E9F5A4E7}.Release|TwinCAT OS (ARMV7-M).Build.0 = Release|TwinCAT OS (ARMV7-M)
		{C762236E-14F6-4B9D-9D69-0F61E9F5A4E7}.Release|TwinCAT OS (ARMV8-A).ActiveCfg = Release|TwinCAT OS (ARMV8-A)
		{C762236E-14F6-4B9D-9D69-0F61E9F5A4E7}.Release|TwinCAT OS (ARMV8-A).Build.0 = Release|TwinCAT OS (ARMV8-A)
		{C762236E-14F6-4B9D-9D69-0F61E9F5A4E7}.Release|TwinCAT OS (x64).ActiveCfg = Release|TwinCAT OS (x64)
		{C762236E-14F6-4B9D-9D69-0F61E9F5A4E7}.Release|TwinCAT OS (x64).Build.0 = Release|TwinCAT OS (x64)
		{C762236E-14F6-4B9D-9D69-0F61E9F5A4E7}.Release|TwinCAT OS (x64-E).ActiveCfg = Release|TwinCAT OS (x64-E)
		{C762236E-14F6-4B9D-9D69-0F61E9F5A4E7}.Release|TwinCAT OS (x64-E).Build.0 = Release|TwinCAT OS (x64-E)
		{C762236E-14F6-4B9D-9D69-0F61E9F5A4E7}.Release|TwinCAT RT (x64).ActiveCfg = Release|TwinCAT RT (x64)
		{C762236E-14F6-4B9D-9D69-0F61E9F5A4E7}.Release|TwinCAT RT (x64).Build.0 = Release|TwinCAT RT (x64)
		{C762236E-14F6-4B9D-9D69-0F61E9F5A4E7}.Release|TwinCAT RT (x86).ActiveCfg = Release|TwinCAT RT (x86)
		{C762236E-14F6-4B9D-9D69-0F61E9F5A4E7}.Release|TwinCAT RT (x86).Build.0 = Release|TwinCAT RT (x86)
		{D7676A96-1A57-4BA2-8C5C-5180013FF7FE}.Debug|TwinCAT OS (ARMV7-A).ActiveCfg = Debug|TwinCAT OS (ARMV7-A)
		{D7676A96-1A57-4BA2-8C5C-5180013FF7FE}.Debug|TwinCAT OS (ARMV7-A).Build.0 = Debug|TwinCAT OS (ARMV7-A)
		{D7676A96-1A57-4BA2-8C5C-5180013FF7FE}.Debug|TwinCAT OS (ARMV7-M).ActiveCfg = Debug|TwinCAT OS (ARMV7-M)
		{D7676A96-1A57-4BA2-8C5C-5180013FF7FE}.Debug|TwinCAT OS (ARMV7-M).Build.0 = Debug|TwinCAT OS (ARMV7-M)
		{D7676A96-1A57-4BA2-8C5C-5180013FF7FE}.Debug|TwinCAT OS (ARMV8-A).ActiveCfg = Debug|TwinCAT OS (ARMV8-A)
		{D7676A96-1A57-4BA2-8C5C-5180013FF7FE}.Debug|TwinCAT OS (ARMV8-A).Build.0 = Debug|TwinCAT OS (ARMV8-A)
		{D7676A96-1A57-4BA2-8C5C-5180013FF7FE}.Debug|TwinCAT OS (x64).ActiveCfg = Debug|TwinCAT OS (x64)
		{D7676A96-1A57-4BA2-8C5C-5180013FF7FE}.Debug|TwinCAT OS (x64).Build.0 = Debug|TwinCAT OS (x64)
		{D7676A96-1A57-4BA2-8C5C-5180013FF7FE}.Debug|TwinCAT OS (x64-E).ActiveCfg = Debug|TwinCAT OS (x64-E)
		{D7676A96-1A57-4BA2-8C5C-5180013FF7FE}.Debug|TwinCAT OS (x64-E).Build.0 = Debug|TwinCAT OS (x64-E)
		{D7676A96-1A57-4BA2-8C5C-5180013FF7FE}.Debug|TwinCAT RT (x64).ActiveCfg = Debug|TwinCAT RT (x64)
		{D7676A96-1A57-4BA2-8C5C-5180013FF7FE}.Debug|TwinCAT RT (x64).Build.0 = Debug|TwinCAT RT (x64)
		{D7676A96-1A57-4BA2-8C5C-5180013FF7FE}.Debug|TwinCAT RT (x86).ActiveCfg = Debug|TwinCAT RT (x86)
		{D7676A96-1A57-4BA2-8C5C-5180013FF7FE}.Debug|TwinCAT RT (x86).Build.0 = Debug|TwinCAT RT (x86)
		{D7676A96-1A57-4BA2-8C5C-5180013FF7FE}.Release|TwinCAT OS (ARMV7-A).ActiveCfg = Release|TwinCAT OS (ARMV7-A)
		{D7676A96-1A57-4BA2-8C5C-5180013FF7FE}.Release|TwinCAT OS (ARMV7-A).Build.0 = Release|TwinCAT OS (ARMV7-A)
		{D7676A96-1A57-4BA2-8C5C-5180013FF7FE}.Release|TwinCAT OS (ARMV7-M).ActiveCfg = Release|TwinCAT OS (ARMV7-M)
		{D7676A96-1A57-4BA2-8C5C-5180013FF7FE}.Release|TwinCAT OS (ARMV7-M).Build.0 = Release|TwinCAT OS (ARMV7-M)
		{D7676A96-1A57-4BA2-8C5C-5180013FF7FE}.Release|TwinCAT OS (ARMV8-A).ActiveCfg = Release|TwinCAT OS (ARMV8-A)
		{D7676A96-1A57-4BA2-8C5C-5180013FF7FE}.Release|TwinCAT OS (ARMV8-A).Build.0 = Release|TwinCAT OS (ARMV8-A)
		{D7676A96-1A57-4BA2-8C5C-5180013FF7FE}.Release|TwinCAT OS (x64).ActiveCfg = Release|TwinCAT OS (x64)
		{D7676A96-1A57-4BA2-8C5C-5180013FF7FE}.Release|TwinCAT OS (x64).Build.0 = Release|TwinCAT OS (x64)
		{D7676A96-1A57-4BA2-8C5C-5180013FF7FE}.Release|TwinCAT OS (x64-E).ActiveCfg = Release|TwinCAT OS (x64-E)
		{D7676A96-1A57-4BA2-8C5C-5180013FF7FE}.Release|TwinCAT OS (x64-E).Build.0 = Release|TwinCAT OS (x64-E)
		{D7676A96-1A57-4BA2-8C5C-5180013FF7FE}.Release|TwinCAT RT (x64).ActiveCfg = Release|TwinCAT RT (x64)
		{D7676A96-1A57-4BA2-8C5C-5180013FF7FE}.Release|TwinCAT RT (x64).Build.0 = Release|TwinCAT RT (x64)
		{D7676A96-1A57-4BA2-8C5C-5180013FF7FE}.Release|TwinCAT RT (x86).ActiveCfg = Release|TwinCAT RT (x86)
		{D7676A96-1A57-4BA2-8C5C-5180013FF7FE}.Release|TwinCAT RT (x86).Build.0 = Release|TwinCAT RT (x86)
		{8039C026-0867-45DB-84BF-43C52A59C8BD}.Debug|TwinCAT OS (ARMV7-A).ActiveCfg = Debug|TwinCAT OS (ARMV7-A)
		{8039C026-0867-45DB-84BF-43C52A59C8BD}.Debug|TwinCAT OS (ARMV7-A).Build.0 = Debug|TwinCAT OS (ARMV7-A)
		{8039C026-0867-45DB-84BF-43C52A59C8BD}.Debug|TwinCAT OS (ARMV7-M).ActiveCfg = Debug|TwinCAT OS (ARMV7-M)
		{8039C026-0867-45DB-84BF-43C52A59C8BD}.Debug|TwinCAT OS (ARMV7-M).Build.0 = Debug|TwinCAT OS (ARMV7-M)
		{8039C026-0867-45DB-84BF-43C52A59C8BD}.Debug|TwinCAT OS (ARMV8-A).ActiveCfg = Debug|TwinCAT OS (ARMV8-A)
		{8039C026-0867-45DB-84BF-43C52A59C8BD}.Debug|TwinCAT OS (ARMV8-A).Build.0 = Debug|TwinCAT OS (ARMV8-A)
		{8039C026-0867-45DB-84BF-43C52A59C8BD}.Debug|TwinCAT OS (x64).ActiveCfg = Debug|TwinCAT OS (x64)
		{8039C026-0867-45DB-84BF-43C52A59C8BD}.Debug|TwinCAT OS (x64).Build.0 = Debug|TwinCAT OS (x64)
		{8039C026-0867-45DB-84BF-43C52A59C8BD}.Debug|TwinCAT OS (x64-E).ActiveCfg = Debug|TwinCAT OS (x64-E)
		{8039C026-0867-45DB-84BF-43C52A59C8BD}.Debug|TwinCAT OS (x64-E).Build.0 = Debug|TwinCAT OS (x64-E)
		{8039C026-0867-45DB-84BF-43C52A59C8BD}.Debug|TwinCAT RT (x64).ActiveCfg = Debug|TwinCAT RT (x64)
		{8039C026-0867-45DB-84BF-43C52A59C8BD}.Debug|TwinCAT RT (x64).Build.0 = Debug|TwinCAT RT (x64)
		{8039C026-0867-45DB-84BF-43C52A59C8BD}.Debug|TwinCAT RT (x86).ActiveCfg = Debug|TwinCAT RT (x86)
		{8039C026-0867-45DB-84BF-43C52A59C8BD}.Debug|TwinCAT RT (x86).Build.0 = Debug|TwinCAT RT (x86)
		{8039C026-0867-45DB-84BF-43C52A59C8BD}.Release|TwinCAT OS (ARMV7-A).ActiveCfg = Release|TwinCAT OS (ARMV7-A)
		{8039C026-0867-45DB-84BF-43C52A59C8BD}.Release|TwinCAT OS (ARMV7-A).Build.0 = Release|TwinCAT OS (ARMV7-A)
		{8039C026-0867-45DB-84BF-43C52A59C8BD}.Release|TwinCAT OS (ARMV7-M).ActiveCfg = Release|TwinCAT OS (ARMV7-M)
		{8039C026-0867-45DB-84BF-43C52A59C8BD}.Release|TwinCAT OS (ARMV7-M).Build.0 = Release|TwinCAT OS (ARMV7-M)
		{8039C026-0867-45DB-84BF-43C52A59C8BD}.Release|TwinCAT OS (ARMV8-A).ActiveCfg = Release|TwinCAT OS (ARMV8-A)
		{8039C026-0867-45DB-84BF-43C52A59C8BD}.Release|TwinCAT OS (ARMV8-A).Build.0 = Release|TwinCAT OS (ARMV8-A)
		{8039C026-0867-45DB-84BF-43C52A59C8BD}.Release|TwinCAT OS (x64).ActiveCfg = Release|TwinCAT OS (x64)
		{8039C026-0867-45DB-84BF-43C52A59C8BD}.Release|TwinCAT OS (x64).Build.0 = Release|TwinCAT OS (x64)
		{8039C026-0867-45DB-84BF-43C52A59C8BD}.Release|TwinCAT OS (x64-E).ActiveCfg = Release|TwinCAT OS (x64-E)
		{8039C026-0867-45DB-84BF-43C52A59C8BD}.Release|TwinCAT OS (x64-E).Build.0 = Release|TwinCAT OS (x64-E)
		{8039C026-0867-45DB-84BF-43C52A59C8BD}.Release|TwinCAT RT (x64).ActiveCfg = Release|TwinCAT RT (x64)
		{8039C026-0867-45DB-84BF-43C52A59C8BD}.Release|TwinCAT RT (x64).Build.0 = Release|TwinCAT RT (x64)
		{8039C026-0867-45DB-84BF-43C52A59C8BD}.Release|TwinCAT RT (x86).ActiveCfg = Release|TwinCAT RT (x86)
		{8039C026-0867-45DB-84BF-43C52A59C8BD}.Release|TwinCAT RT (x86).Build.0 = Release|TwinCAT RT (x86)
		{C4202634-007B-4C40-8105-AA1B43F44562}.Debug|TwinCAT OS (ARMV7-A).ActiveCfg = Debug|TwinCAT OS (ARMV7-A)
		{C4202634-007B-4C40-8105-AA1B43F44562}.Debug|TwinCAT OS (ARMV7-A).Build.0 = Debug|TwinCAT OS (ARMV7-A)
		{C4202634-007B-4C40-8105-AA1B43F44562}.Debug|TwinCAT OS (ARMV7-M).ActiveCfg = Debug|TwinCAT OS (ARMV7-M)
		{C4202634-007B-4C40-8105-AA1B43F44562}.Debug|TwinCAT OS (ARMV7-M).Build.0 = Debug|TwinCAT OS (ARMV7-M)
		{C4202634-007B-4C40-8105-AA1B43F44562}.Debug|TwinCAT OS (ARMV8-A).ActiveCfg = Debug|TwinCAT OS (ARMV8-A)
		{C4202634-007B-4C40-8105-AA1B43F44562}.Debug|TwinCAT OS (ARMV8-A).Build.0 = Debug|TwinCAT OS (ARMV8-A)
		{C4202634-007B-4C40-8105-AA1B43F44562}.Debug|TwinCAT OS (x64).ActiveCfg = Debug|TwinCAT OS (x64)
		{C4202634-007B-4C40-8105-AA1B43F44562}.Debug|TwinCAT OS (x64).Build.0 = Debug|TwinCAT OS (x64)
		{C4202634-007B-4C40-8105-AA1B43F44562}.Debug|TwinCAT OS (x64-E).ActiveCfg = Debug|TwinCAT OS (x64-E)
		{C4202634-007B-4C40-8105-AA1B43F44562}.Debug|TwinCAT OS (x64-E).Build.0 = Debug|TwinCAT OS (x64-E)
		{C4202634-007B-4C40-8105-AA1B43F44562}.Debug|TwinCAT RT (x64).ActiveCfg = Debug|TwinCAT RT (x64)
		{C4202634-007B-4C40-8105-AA1B43F44562}.Debug|TwinCAT RT (x64).Build.0 = Debug|TwinCAT RT (x64)
		{C4202634-007B-4C40-8105-AA1B43F44562}.Debug|TwinCAT RT (x86).ActiveCfg = Debug|TwinCAT RT (x86)
		{C4202634-007B-4C40-8105-AA1B43F44562}.Debug|TwinCAT RT (x86).Build.0 = Debug|TwinCAT RT (x86)
		{C4202634-007B-4C40-8105-AA1B43F44562}.Release|TwinCAT OS (ARMV7-A).ActiveCfg = Release|TwinCAT OS (ARMV7-A)
		{C4202634-007B-4C40-8105-AA1B43F44562}.Release|TwinCAT OS (ARMV7-A).Build.0 = Release|TwinCAT OS (ARMV7-A)
		{C4202634-007B-4C40-8105-AA1B43F44562}.Release|TwinCAT OS (ARMV7-M).ActiveCfg = Release|TwinCAT OS (ARMV7-M)
		{C4202634-007B-4C40-8105-AA1B43F44562}.Release|TwinCAT OS (ARMV7-M).Build.0 = Release|TwinCAT OS (ARMV7-M)
		{C4202634-007B-4C40-8105-AA1B43F44562}.Release|TwinCAT OS (ARMV8-A).ActiveCfg = Release|TwinCAT OS (ARMV8-A)
		{C4202634-007B-4C40-8105-AA1B43F44562}.Release|TwinCAT OS (ARMV8-A).Build.0 = Release|TwinCAT OS (ARMV8-A)
		{C4202634-007B-4C40-8105-AA1B43F44562}.Release|TwinCAT OS (x64).ActiveCfg = Release|TwinCAT OS (x64)
		{C4202634-007B-4C40-8105-AA1B43F44562}.Release|TwinCAT OS (x64).Build.0 = Release|TwinCAT OS (x64)
		{C4202634-007B-4C40-8105-AA1B43F44562}.Release|TwinCAT OS (x64-E).ActiveCfg = Release|TwinCAT OS (x64-E)
		{C4202634-007B-4C40-8105-AA1B43F44562}.Release|TwinCAT OS (x64-E).Build.0 = Release|TwinCAT OS (x64-E)
		{C4202634-007B-4C40-8105-AA1B43F44562}.Release|TwinCAT RT (x64).ActiveCfg = Release|TwinCAT RT (x64)
		{C4202634-007B-4C40-8105-AA1B43F44562}.Release|TwinCAT RT (x64).Build.0 = Release|TwinCAT RT (x64)
		{C4202634-007B-4C40-8105-AA1B43F44562}.Release|TwinCAT RT (x86).ActiveCfg = Release|TwinCAT RT (x86)
		{C4202634-007B-4C40-8105-AA1B43F44562}.Release|TwinCAT RT (x86).Build.0 = Release|TwinCAT RT (x86)
	EndGlobalSection
	GlobalSection(SolutionProperties) = preSolution
		HideSolutionNode = FALSE
	EndGlobalSection
	GlobalSection(ExtensibilityGlobals) = postSolution
		SolutionGuid = {99C29FAE-42C2-4A1B-BC29-5E0264B8321E}
	EndGlobalSection
EndGlobal
