
Microsoft Visual Studio Solution File, Format Version 12.00
# TcXaeShell Solution File, Format Version 11.00
VisualStudioVersion = 17.10.35827.194
MinimumVisualStudioVersion = 10.0.40219.1
Project("{B1E792BE-AA5F-4E3C-8C82-674BF9C0715B}") = "T1SchmittTrigger", "T1SchmittTrigger\T1SchmittTrigger.tsproj", "{3F0587E5-0410-479D-A3EF-9021DC48C3FB}"
EndProject
Project("{B1E792BE-AA5F-4E3C-8C82-674BF9C0715B}") = "SchmittTriggerTests_Tc", "SchmittTriggerTests_Tc\SchmittTriggerTests_Tc.tsproj", "{31E381DA-69ED-4BC8-9BA2-6336F1DC7F13}"
EndProject
Global
	GlobalSection(SolutionConfigurationPlatforms) = preSolution
		Debug|TwinCAT OS (ARMV7-A) = Debug|TwinCAT OS (ARMV7-A)
		Debug|TwinCAT OS (ARMV7-M) = Debug|TwinCAT OS (ARMV7-M)
		Debug|TwinCAT OS (ARMV8-A) = Debug|TwinCAT OS (ARMV8-A)
		Debug|TwinCAT OS (x64) = Debug|TwinCAT OS (x64)
		Debug|TwinCAT OS (x64-E) = Debug|TwinCAT OS (x64-E)
		Debug|TwinCAT RT (x64) = Debug|TwinCAT RT (x64)
		Debug|TwinCAT RT (x86) = Debug|TwinCAT RT (x86)
		Release|TwinCAT OS (ARMV7-A) = Release|TwinCAT OS (ARMV7-A)
		Release|TwinCAT OS (ARMV7-M) = Release|TwinCAT OS (ARMV7-M)
		Release|TwinCAT OS (ARMV8-A) = Release|TwinCAT OS (ARMV8-A)
		Release|TwinCAT OS (x64) = Release|TwinCAT OS (x64)
		Release|TwinCAT OS (x64-E) = Release|TwinCAT OS (x64-E)
		Release|TwinCAT RT (x64) = Release|TwinCAT RT (x64)
		Release|TwinCAT RT (x86) = Release|TwinCAT RT (x86)
	EndGlobalSection
	GlobalSection(ProjectConfigurationPlatforms) = postSolution
		{3F0587E5-0410-479D-A3EF-9021DC48C3FB}.Debug|TwinCAT OS (ARMV7-A).ActiveCfg = Debug|TwinCAT OS (ARMV7-A)
		{3F0587E5-0410-479D-A3EF-9021DC48C3FB}.Debug|TwinCAT OS (ARMV7-A).Build.0 = Debug|TwinCAT OS (ARMV7-A)
		{3F0587E5-0410-479D-A3EF-9021DC48C3FB}.Debug|TwinCAT OS (ARMV7-M).ActiveCfg = Debug|TwinCAT OS (ARMV7-M)
		{3F0587E5-0410-479D-A3EF-9021DC48C3FB}.Debug|TwinCAT OS (ARMV7-M).Build.0 = Debug|TwinCAT OS (ARMV7-M)
		{3F0587E5-0410-479D-A3EF-9021DC48C3FB}.Debug|TwinCAT OS (ARMV8-A).ActiveCfg = Debug|TwinCAT OS (ARMV8-A)
		{3F0587E5-0410-479D-A3EF-9021DC48C3FB}.Debug|TwinCAT OS (ARMV8-A).Build.0 = Debug|TwinCAT OS (ARMV8-A)
		{3F0587E5-0410-479D-A3EF-9021DC48C3FB}.Debug|TwinCAT OS (x64).ActiveCfg = Debug|TwinCAT OS (x64)
		{3F0587E5-0410-479D-A3EF-9021DC48C3FB}.Debug|TwinCAT OS (x64).Build.0 = Debug|TwinCAT OS (x64)
		{3F0587E5-0410-479D-A3EF-9021DC48C3FB}.Debug|TwinCAT OS (x64-E).ActiveCfg = Debug|TwinCAT OS (x64-E)
		{3F0587E5-0410-479D-A3EF-9021DC48C3FB}.Debug|TwinCAT OS (x64-E).Build.0 = Debug|TwinCAT OS (x64-E)
		{3F0587E5-0410-479D-A3EF-9021DC48C3FB}.Debug|TwinCAT RT (x64).ActiveCfg = Debug|TwinCAT RT (x64)
		{3F0587E5-0410-479D-A3EF-9021DC48C3FB}.Debug|TwinCAT RT (x64).Build.0 = Debug|TwinCAT RT (x64)
		{3F0587E5-0410-479D-A3EF-9021DC48C3FB}.Debug|TwinCAT RT (x86).ActiveCfg = Debug|TwinCAT RT (x86)
		{3F0587E5-0410-479D-A3EF-9021DC48C3FB}.Debug|TwinCAT RT (x86).Build.0 = Debug|TwinCAT RT (x86)
		{3F0587E5-0410-479D-A3EF-9021DC48C3FB}.Release|TwinCAT OS (ARMV7-A).ActiveCfg = Release|TwinCAT OS (ARMV7-A)
		{3F0587E5-0410-479D-A3EF-9021DC48C3FB}.Release|TwinCAT OS (ARMV7-A).Build.0 = Release|TwinCAT OS (ARMV7-A)
		{3F0587E5-0410-479D-A3EF-9021DC48C3FB}.Release|TwinCAT OS (ARMV7-M).ActiveCfg = Release|TwinCAT OS (ARMV7-M)
		{3F0587E5-0410-479D-A3EF-9021DC48C3FB}.Release|TwinCAT OS (ARMV7-M).Build.0 = Release|TwinCAT OS (ARMV7-M)
		{3F0587E5-0410-479D-A3EF-9021DC48C3FB}.Release|TwinCAT OS (ARMV8-A).ActiveCfg = Release|TwinCAT OS (ARMV8-A)
		{3F0587E5-0410-479D-A3EF-9021DC48C3FB}.Release|TwinCAT OS (ARMV8-A).Build.0 = Release|TwinCAT OS (ARMV8-A)
		{3F0587E5-0410-479D-A3EF-9021DC48C3FB}.Release|TwinCAT OS (x64).ActiveCfg = Release|TwinCAT OS (x64)
		{3F0587E5-0410-479D-A3EF-9021DC48C3FB}.Release|TwinCAT OS (x64).Build.0 = Release|TwinCAT OS (x64)
		{3F0587E5-0410-479D-A3EF-9021DC48C3FB}.Release|TwinCAT OS (x64-E).ActiveCfg = Release|TwinCAT OS (x64-E)
		{3F0587E5-0410-479D-A3EF-9021DC48C3FB}.Release|TwinCAT OS (x64-E).Build.0 = Release|TwinCAT OS (x64-E)
		{3F0587E5-0410-479D-A3EF-9021DC48C3FB}.Release|TwinCAT RT (x64).ActiveCfg = Release|TwinCAT RT (x64)
		{3F0587E5-0410-479D-A3EF-9021DC48C3FB}.Release|TwinCAT RT (x64).Build.0 = Release|TwinCAT RT (x64)
		{3F0587E5-0410-479D-A3EF-9021DC48C3FB}.Release|TwinCAT RT (x86).ActiveCfg = Release|TwinCAT RT (x86)
		{3F0587E5-0410-479D-A3EF-9021DC48C3FB}.Release|TwinCAT RT (x86).Build.0 = Release|TwinCAT RT (x86)
		{3DE5006D-3879-4A72-8B44-F264BC7572A2}.Debug|TwinCAT OS (ARMV7-A).ActiveCfg = Debug|TwinCAT OS (ARMV7-A)
		{3DE5006D-3879-4A72-8B44-F264BC7572A2}.Debug|TwinCAT OS (ARMV7-A).Build.0 = Debug|TwinCAT OS (ARMV7-A)
		{3DE5006D-3879-4A72-8B44-F264BC7572A2}.Debug|TwinCAT OS (ARMV7-M).ActiveCfg = Debug|TwinCAT OS (ARMV7-M)
		{3DE5006D-3879-4A72-8B44-F264BC7572A2}.Debug|TwinCAT OS (ARMV7-M).Build.0 = Debug|TwinCAT OS (ARMV7-M)
		{3DE5006D-3879-4A72-8B44-F264BC7572A2}.Debug|TwinCAT OS (ARMV8-A).ActiveCfg = Debug|TwinCAT OS (ARMV8-A)
		{3DE5006D-3879-4A72-8B44-F264BC7572A2}.Debug|TwinCAT OS (ARMV8-A).Build.0 = Debug|TwinCAT OS (ARMV8-A)
		{3DE5006D-3879-4A72-8B44-F264BC7572A2}.Debug|TwinCAT OS (x64).ActiveCfg = Debug|TwinCAT OS (x64)
		{3DE5006D-3879-4A72-8B44-F264BC7572A2}.Debug|TwinCAT OS (x64).Build.0 = Debug|TwinCAT OS (x64)
		{3DE5006D-3879-4A72-8B44-F264BC7572A2}.Debug|TwinCAT OS (x64-E).ActiveCfg = Debug|TwinCAT OS (x64-E)
		{3DE5006D-3879-4A72-8B44-F264BC7572A2}.Debug|TwinCAT OS (x64-E).Build.0 = Debug|TwinCAT OS (x64-E)
		{3DE5006D-3879-4A72-8B44-F264BC7572A2}.Debug|TwinCAT RT (x64).ActiveCfg = Debug|TwinCAT RT (x64)
		{3DE5006D-3879-4A72-8B44-F264BC7572A2}.Debug|TwinCAT RT (x64).Build.0 = Debug|TwinCAT RT (x64)
		{3DE5006D-3879-4A72-8B44-F264BC7572A2}.Debug|TwinCAT RT (x86).ActiveCfg = Debug|TwinCAT RT (x86)
		{3DE5006D-3879-4A72-8B44-F264BC7572A2}.Debug|TwinCAT RT (x86).Build.0 = Debug|TwinCAT RT (x86)
		{3DE5006D-3879-4A72-8B44-F264BC7572A2}.Release|TwinCAT OS (ARMV7-A).ActiveCfg = Release|TwinCAT OS (ARMV7-A)
		{3DE5006D-3879-4A72-8B44-F264BC7572A2}.Release|TwinCAT OS (ARMV7-A).Build.0 = Release|TwinCAT OS (ARMV7-A)
		{3DE5006D-3879-4A72-8B44-F264BC7572A2}.Release|TwinCAT OS (ARMV7-M).ActiveCfg = Release|TwinCAT OS (ARMV7-M)
		{3DE5006D-3879-4A72-8B44-F264BC7572A2}.Release|TwinCAT OS (ARMV7-M).Build.0 = Release|TwinCAT OS (ARMV7-M)
		{3DE5006D-3879-4A72-8B44-F264BC7572A2}.Release|TwinCAT OS (ARMV8-A).ActiveCfg = Release|TwinCAT OS (ARMV8-A)
		{3DE5006D-3879-4A72-8B44-F264BC7572A2}.Release|TwinCAT OS (ARMV8-A).Build.0 = Release|TwinCAT OS (ARMV8-A)
		{3DE5006D-3879-4A72-8B44-F264BC7572A2}.Release|TwinCAT OS (x64).ActiveCfg = Release|TwinCAT OS (x64)
		{3DE5006D-3879-4A72-8B44-F264BC7572A2}.Release|TwinCAT OS (x64).Build.0 = Release|TwinCAT OS (x64)
		{3DE5006D-3879-4A72-8B44-F264BC7572A2}.Release|TwinCAT OS (x64-E).ActiveCfg = Release|TwinCAT OS (x64-E)
		{3DE5006D-3879-4A72-8B44-F264BC7572A2}.Release|TwinCAT OS (x64-E).Build.0 = Release|TwinCAT OS (x64-E)
		{3DE5006D-3879-4A72-8B44-F264BC7572A2}.Release|TwinCAT RT (x64).ActiveCfg = Release|TwinCAT RT (x64)
		{3DE5006D-3879-4A72-8B44-F264BC7572A2}.Release|TwinCAT RT (x64).Build.0 = Release|TwinCAT RT (x64)
		{3DE5006D-3879-4A72-8B44-F264BC7572A2}.Release|TwinCAT RT (x86).ActiveCfg = Release|TwinCAT RT (x86)
		{3DE5006D-3879-4A72-8B44-F264BC7572A2}.Release|TwinCAT RT (x86).Build.0 = Release|TwinCAT RT (x86)
		{31E381DA-69ED-4BC8-9BA2-6336F1DC7F13}.Debug|TwinCAT OS (ARMV7-A).ActiveCfg = Debug|TwinCAT OS (ARMV7-A)
		{31E381DA-69ED-4BC8-9BA2-6336F1DC7F13}.Debug|TwinCAT OS (ARMV7-A).Build.0 = Debug|TwinCAT OS (ARMV7-A)
		{31E381DA-69ED-4BC8-9BA2-6336F1DC7F13}.Debug|TwinCAT OS (ARMV7-M).ActiveCfg = Debug|TwinCAT OS (ARMV7-M)
		{31E381DA-69ED-4BC8-9BA2-6336F1DC7F13}.Debug|TwinCAT OS (ARMV7-M).Build.0 = Debug|TwinCAT OS (ARMV7-M)
		{31E381DA-69ED-4BC8-9BA2-6336F1DC7F13}.Debug|TwinCAT OS (ARMV8-A).ActiveCfg = Debug|TwinCAT OS (ARMV8-A)
		{31E381DA-69ED-4BC8-9BA2-6336F1DC7F13}.Debug|TwinCAT OS (ARMV8-A).Build.0 = Debug|TwinCAT OS (ARMV8-A)
		{31E381DA-69ED-4BC8-9BA2-6336F1DC7F13}.Debug|TwinCAT OS (x64).ActiveCfg = Debug|TwinCAT OS (x64)
		{31E381DA-69ED-4BC8-9BA2-6336F1DC7F13}.Debug|TwinCAT OS (x64).Build.0 = Debug|TwinCAT OS (x64)
		{31E381DA-69ED-4BC8-9BA2-6336F1DC7F13}.Debug|TwinCAT OS (x64-E).ActiveCfg = Debug|TwinCAT OS (x64-E)
		{31E381DA-69ED-4BC8-9BA2-6336F1DC7F13}.Debug|TwinCAT OS (x64-E).Build.0 = Debug|TwinCAT OS (x64-E)
		{31E381DA-69ED-4BC8-9BA2-6336F1DC7F13}.Debug|TwinCAT RT (x64).ActiveCfg = Debug|TwinCAT RT (x64)
		{31E381DA-69ED-4BC8-9BA2-6336F1DC7F13}.Debug|TwinCAT RT (x64).Build.0 = Debug|TwinCAT RT (x64)
		{31E381DA-69ED-4BC8-9BA2-6336F1DC7F13}.Debug|TwinCAT RT (x86).ActiveCfg = Debug|TwinCAT RT (x86)
		{31E381DA-69ED-4BC8-9BA2-6336F1DC7F13}.Debug|TwinCAT RT (x86).Build.0 = Debug|TwinCAT RT (x86)
		{31E381DA-69ED-4BC8-9BA2-6336F1DC7F13}.Release|TwinCAT OS (ARMV7-A).ActiveCfg = Release|TwinCAT OS (ARMV7-A)
		{31E381DA-69ED-4BC8-9BA2-6336F1DC7F13}.Release|TwinCAT OS (ARMV7-A).Build.0 = Release|TwinCAT OS (ARMV7-A)
		{31E381DA-69ED-4BC8-9BA2-6336F1DC7F13}.Release|TwinCAT OS (ARMV7-M).ActiveCfg = Release|TwinCAT OS (ARMV7-M)
		{31E381DA-69ED-4BC8-9BA2-6336F1DC7F13}.Release|TwinCAT OS (ARMV7-M).Build.0 = Release|TwinCAT OS (ARMV7-M)
		{31E381DA-69ED-4BC8-9BA2-6336F1DC7F13}.Release|TwinCAT OS (ARMV8-A).ActiveCfg = Release|TwinCAT OS (ARMV8-A)
		{31E381DA-69ED-4BC8-9BA2-6336F1DC7F13}.Release|TwinCAT OS (ARMV8-A).Build.0 = Release|TwinCAT OS (ARMV8-A)
		{31E381DA-69ED-4BC8-9BA2-6336F1DC7F13}.Release|TwinCAT OS (x64).ActiveCfg = Release|TwinCAT OS (x64)
		{31E381DA-69ED-4BC8-9BA2-6336F1DC7F13}.Release|TwinCAT OS (x64).Build.0 = Release|TwinCAT OS (x64)
		{31E381DA-69ED-4BC8-9BA2-6336F1DC7F13}.Release|TwinCAT OS (x64-E).ActiveCfg = Release|TwinCAT OS (x64-E)
		{31E381DA-69ED-4BC8-9BA2-6336F1DC7F13}.Release|TwinCAT OS (x64-E).Build.0 = Release|TwinCAT OS (x64-E)
		{31E381DA-69ED-4BC8-9BA2-6336F1DC7F13}.Release|TwinCAT RT (x64).ActiveCfg = Release|TwinCAT RT (x64)
		{31E381DA-69ED-4BC8-9BA2-6336F1DC7F13}.Release|TwinCAT RT (x64).Build.0 = Release|TwinCAT RT (x64)
		{31E381DA-69ED-4BC8-9BA2-6336F1DC7F13}.Release|TwinCAT RT (x86).ActiveCfg = Release|TwinCAT RT (x86)
		{31E381DA-69ED-4BC8-9BA2-6336F1DC7F13}.Release|TwinCAT RT (x86).Build.0 = Release|TwinCAT RT (x86)
		{17C423B7-8339-44C9-9F3C-C8C34C3D6728}.Debug|TwinCAT OS (ARMV7-A).ActiveCfg = Debug|TwinCAT OS (ARMV7-A)
		{17C423B7-8339-44C9-9F3C-C8C34C3D6728}.Debug|TwinCAT OS (ARMV7-A).Build.0 = Debug|TwinCAT OS (ARMV7-A)
		{17C423B7-8339-44C9-9F3C-C8C34C3D6728}.Debug|TwinCAT OS (ARMV7-M).ActiveCfg = Debug|TwinCAT OS (ARMV7-M)
		{17C423B7-8339-44C9-9F3C-C8C34C3D6728}.Debug|TwinCAT OS (ARMV7-M).Build.0 = Debug|TwinCAT OS (ARMV7-M)
		{17C423B7-8339-44C9-9F3C-C8C34C3D6728}.Debug|TwinCAT OS (ARMV8-A).ActiveCfg = Debug|TwinCAT OS (ARMV8-A)
		{17C423B7-8339-44C9-9F3C-C8C34C3D6728}.Debug|TwinCAT OS (ARMV8-A).Build.0 = Debug|TwinCAT OS (ARMV8-A)
		{17C423B7-8339-44C9-9F3C-C8C34C3D6728}.Debug|TwinCAT OS (x64).ActiveCfg = Debug|TwinCAT OS (x64)
		{17C423B7-8339-44C9-9F3C-C8C34C3D6728}.Debug|TwinCAT OS (x64).Build.0 = Debug|TwinCAT OS (x64)
		{17C423B7-8339-44C9-9F3C-C8C34C3D6728}.Debug|TwinCAT OS (x64-E).ActiveCfg = Debug|TwinCAT OS (x64-E)
		{17C423B7-8339-44C9-9F3C-C8C34C3D6728}.Debug|TwinCAT OS (x64-E).Build.0 = Debug|TwinCAT OS (x64-E)
		{17C423B7-8339-44C9-9F3C-C8C34C3D6728}.Debug|TwinCAT RT (x64).ActiveCfg = Debug|TwinCAT RT (x64)
		{17C423B7-8339-44C9-9F3C-C8C34C3D6728}.Debug|TwinCAT RT (x64).Build.0 = Debug|TwinCAT RT (x64)
		{17C423B7-8339-44C9-9F3C-C8C34C3D6728}.Debug|TwinCAT RT (x86).ActiveCfg = Debug|TwinCAT RT (x86)
		{17C423B7-8339-44C9-9F3C-C8C34C3D6728}.Debug|TwinCAT RT (x86).Build.0 = Debug|TwinCAT RT (x86)
		{17C423B7-8339-44C9-9F3C-C8C34C3D6728}.Release|TwinCAT OS (ARMV7-A).ActiveCfg = Release|TwinCAT OS (ARMV7-A)
		{17C423B7-8339-44C9-9F3C-C8C34C3D6728}.Release|TwinCAT OS (ARMV7-A).Build.0 = Release|TwinCAT OS (ARMV7-A)
		{17C423B7-8339-44C9-9F3C-C8C34C3D6728}.Release|TwinCAT OS (ARMV7-M).ActiveCfg = Release|TwinCAT OS (ARMV7-M)
		{17C423B7-8339-44C9-9F3C-C8C34C3D6728}.Release|TwinCAT OS (ARMV7-M).Build.0 = Release|TwinCAT OS (ARMV7-M)
		{17C423B7-8339-44C9-9F3C-C8C34C3D6728}.Release|TwinCAT OS (ARMV8-A).ActiveCfg = Release|TwinCAT OS (ARMV8-A)
		{17C423B7-8339-44C9-9F3C-C8C34C3D6728}.Release|TwinCAT OS (ARMV8-A).Build.0 = Release|TwinCAT OS (ARMV8-A)
		{17C423B7-8339-44C9-9F3C-C8C34C3D6728}.Release|TwinCAT OS (x64).ActiveCfg = Release|TwinCAT OS (x64)
		{17C423B7-8339-44C9-9F3C-C8C34C3D6728}.Release|TwinCAT OS (x64).Build.0 = Release|TwinCAT OS (x64)
		{17C423B7-8339-44C9-9F3C-C8C34C3D6728}.Release|TwinCAT OS (x64-E).ActiveCfg = Release|TwinCAT OS (x64-E)
		{17C423B7-8339-44C9-9F3C-C8C34C3D6728}.Release|TwinCAT OS (x64-E).Build.0 = Release|TwinCAT OS (x64-E)
		{17C423B7-8339-44C9-9F3C-C8C34C3D6728}.Release|TwinCAT RT (x64).ActiveCfg = Release|TwinCAT RT (x64)
		{17C423B7-8339-44C9-9F3C-C8C34C3D6728}.Release|TwinCAT RT (x64).Build.0 = Release|TwinCAT RT (x64)
		{17C423B7-8339-44C9-9F3C-C8C34C3D6728}.Release|TwinCAT RT (x86).ActiveCfg = Release|TwinCAT RT (x86)
		{17C423B7-8339-44C9-9F3C-C8C34C3D6728}.Release|TwinCAT RT (x86).Build.0 = Release|TwinCAT RT (x86)
	EndGlobalSection
	GlobalSection(SolutionProperties) = preSolution
		HideSolutionNode = FALSE
	EndGlobalSection
	GlobalSection(ExtensibilityGlobals) = postSolution
		SolutionGuid = {147FF129-0A94-4F7E-B375-3FEDF462A52A}
	EndGlobalSection
EndGlobal
