
Microsoft Visual Studio Solution File, Format Version 12.00
# TcXaeShell Solution File, Format Version 11.00
VisualStudioVersion = 17.10.35827.194
MinimumVisualStudioVersion = 10.0.40219.1
Project("{B1E792BE-AA5F-4E3C-8C82-674BF9C0715B}") = "B5PIDController", "B5PIDController\B5PIDController.tsproj", "{6C3BFAAA-E587-4C93-A49D-C4C71F34B6EA}"
EndProject
Project("{B1E792BE-AA5F-4E3C-8C82-674BF9C0715B}") = "PIDControllerTests_Tc", "PIDControllerTests_Tc\PIDControllerTests_Tc.tsproj", "{3436BA42-741B-4969-B3C4-C0266D74CD01}"
EndProject
Global
	GlobalSection(SolutionConfigurationPlatforms) = preSolution
		Debug|TwinCAT OS (ARMV7-A) = Debug|TwinCAT OS (ARMV7-A)
		Debug|TwinCAT OS (ARMV7-M) = Debug|TwinCAT OS (ARMV7-M)
		Debug|TwinCAT OS (ARMV8-A) = Debug|TwinCAT OS (ARMV8-A)
		Debug|TwinCAT OS (x64) = Debug|TwinCAT OS (x64)
		Debug|TwinCAT OS (x64-E) = Debug|TwinCAT OS (x64-E)
		Debug|TwinCAT RT (x64) = Debug|TwinCAT RT (x64)
		Debug|TwinCAT RT (x86) = Debug|TwinCAT RT (x86)
		Release|TwinCAT OS (ARMV7-A) = Release|TwinCAT OS (ARMV7-A)
		Release|TwinCAT OS (ARMV7-M) = Release|TwinCAT OS (ARMV7-M)
		Release|TwinCAT OS (ARMV8-A) = Release|TwinCAT OS (ARMV8-A)
		Release|TwinCAT OS (x64) = Release|TwinCAT OS (x64)
		Release|TwinCAT OS (x64-E) = Release|TwinCAT OS (x64-E)
		Release|TwinCAT RT (x64) = Release|TwinCAT RT (x64)
		Release|TwinCAT RT (x86) = Release|TwinCAT RT (x86)
	EndGlobalSection
	GlobalSection(ProjectConfigurationPlatforms) = postSolution
		{6C3BFAAA-E587-4C93-A49D-C4C71F34B6EA}.Debug|TwinCAT OS (ARMV7-A).ActiveCfg = Debug|TwinCAT OS (ARMV7-A)
		{6C3BFAAA-E587-4C93-A49D-C4C71F34B6EA}.Debug|TwinCAT OS (ARMV7-A).Build.0 = Debug|TwinCAT OS (ARMV7-A)
		{6C3BFAAA-E587-4C93-A49D-C4C71F34B6EA}.Debug|TwinCAT OS (ARMV7-M).ActiveCfg = Debug|TwinCAT OS (ARMV7-M)
		{6C3BFAAA-E587-4C93-A49D-C4C71F34B6EA}.Debug|TwinCAT OS (ARMV7-M).Build.0 = Debug|TwinCAT OS (ARMV7-M)
		{6C3BFAAA-E587-4C93-A49D-C4C71F34B6EA}.Debug|TwinCAT OS (ARMV8-A).ActiveCfg = Debug|TwinCAT OS (ARMV8-A)
		{6C3BFAAA-E587-4C93-A49D-C4C71F34B6EA}.Debug|TwinCAT OS (ARMV8-A).Build.0 = Debug|TwinCAT OS (ARMV8-A)
		{6C3BFAAA-E587-4C93-A49D-C4C71F34B6EA}.Debug|TwinCAT OS (x64).ActiveCfg = Debug|TwinCAT OS (x64)
		{6C3BFAAA-E587-4C93-A49D-C4C71F34B6EA}.Debug|TwinCAT OS (x64).Build.0 = Debug|TwinCAT OS (x64)
		{6C3BFAAA-E587-4C93-A49D-C4C71F34B6EA}.Debug|TwinCAT OS (x64-E).ActiveCfg = Debug|TwinCAT OS (x64-E)
		{6C3BFAAA-E587-4C93-A49D-C4C71F34B6EA}.Debug|TwinCAT OS (x64-E).Build.0 = Debug|TwinCAT OS (x64-E)
		{6C3BFAAA-E587-4C93-A49D-C4C71F34B6EA}.Debug|TwinCAT RT (x64).ActiveCfg = Debug|TwinCAT RT (x64)
		{6C3BFAAA-E587-4C93-A49D-C4C71F34B6EA}.Debug|TwinCAT RT (x64).Build.0 = Debug|TwinCAT RT (x64)
		{6C3BFAAA-E587-4C93-A49D-C4C71F34B6EA}.Debug|TwinCAT RT (x86).ActiveCfg = Debug|TwinCAT RT (x86)
		{6C3BFAAA-E587-4C93-A49D-C4C71F34B6EA}.Debug|TwinCAT RT (x86).Build.0 = Debug|TwinCAT RT (x86)
		{6C3BFAAA-E587-4C93-A49D-C4C71F34B6EA}.Release|TwinCAT OS (ARMV7-A).ActiveCfg = Release|TwinCAT OS (ARMV7-A)
		{6C3BFAAA-E587-4C93-A49D-C4C71F34B6EA}.Release|TwinCAT OS (ARMV7-A).Build.0 = Release|TwinCAT OS (ARMV7-A)
		{6C3BFAAA-E587-4C93-A49D-C4C71F34B6EA}.Release|TwinCAT OS (ARMV7-M).ActiveCfg = Release|TwinCAT OS (ARMV7-M)
		{6C3BFAAA-E587-4C93-A49D-C4C71F34B6EA}.Release|TwinCAT OS (ARMV7-M).Build.0 = Release|TwinCAT OS (ARMV7-M)
		{6C3BFAAA-E587-4C93-A49D-C4C71F34B6EA}.Release|TwinCAT OS (ARMV8-A).ActiveCfg = Release|TwinCAT OS (ARMV8-A)
		{6C3BFAAA-E587-4C93-A49D-C4C71F34B6EA}.Release|TwinCAT OS (ARMV8-A).Build.0 = Release|TwinCAT OS (ARMV8-A)
		{6C3BFAAA-E587-4C93-A49D-C4C71F34B6EA}.Release|TwinCAT OS (x64).ActiveCfg = Release|TwinCAT OS (x64)
		{6C3BFAAA-E587-4C93-A49D-C4C71F34B6EA}.Release|TwinCAT OS (x64).Build.0 = Release|TwinCAT OS (x64)
		{6C3BFAAA-E587-4C93-A49D-C4C71F34B6EA}.Release|TwinCAT OS (x64-E).ActiveCfg = Release|TwinCAT OS (x64-E)
		{6C3BFAAA-E587-4C93-A49D-C4C71F34B6EA}.Release|TwinCAT OS (x64-E).Build.0 = Release|TwinCAT OS (x64-E)
		{6C3BFAAA-E587-4C93-A49D-C4C71F34B6EA}.Release|TwinCAT RT (x64).ActiveCfg = Release|TwinCAT RT (x64)
		{6C3BFAAA-E587-4C93-A49D-C4C71F34B6EA}.Release|TwinCAT RT (x64).Build.0 = Release|TwinCAT RT (x64)
		{6C3BFAAA-E587-4C93-A49D-C4C71F34B6EA}.Release|TwinCAT RT (x86).ActiveCfg = Release|TwinCAT RT (x86)
		{6C3BFAAA-E587-4C93-A49D-C4C71F34B6EA}.Release|TwinCAT RT (x86).Build.0 = Release|TwinCAT RT (x86)
		{4441647A-98F2-4276-9D3D-9FF4A936C5D7}.Debug|TwinCAT OS (ARMV7-A).ActiveCfg = Debug|TwinCAT OS (ARMV7-A)
		{4441647A-98F2-4276-9D3D-9FF4A936C5D7}.Debug|TwinCAT OS (ARMV7-A).Build.0 = Debug|TwinCAT OS (ARMV7-A)
		{4441647A-98F2-4276-9D3D-9FF4A936C5D7}.Debug|TwinCAT OS (ARMV7-M).ActiveCfg = Debug|TwinCAT OS (ARMV7-M)
		{4441647A-98F2-4276-9D3D-9FF4A936C5D7}.Debug|TwinCAT OS (ARMV7-M).Build.0 = Debug|TwinCAT OS (ARMV7-M)
		{4441647A-98F2-4276-9D3D-9FF4A936C5D7}.Debug|TwinCAT OS (ARMV8-A).ActiveCfg = Debug|TwinCAT OS (ARMV8-A)
		{4441647A-98F2-4276-9D3D-9FF4A936C5D7}.Debug|TwinCAT OS (ARMV8-A).Build.0 = Debug|TwinCAT OS (ARMV8-A)
		{4441647A-98F2-4276-9D3D-9FF4A936C5D7}.Debug|TwinCAT OS (x64).ActiveCfg = Debug|TwinCAT OS (x64)
		{4441647A-98F2-4276-9D3D-9FF4A936C5D7}.Debug|TwinCAT OS (x64).Build.0 = Debug|TwinCAT OS (x64)
		{4441647A-98F2-4276-9D3D-9FF4A936C5D7}.Debug|TwinCAT OS (x64-E).ActiveCfg = Debug|TwinCAT OS (x64-E)
		{4441647A-98F2-4276-9D3D-9FF4A936C5D7}.Debug|TwinCAT OS (x64-E).Build.0 = Debug|TwinCAT OS (x64-E)
		{4441647A-98F2-4276-9D3D-9FF4A936C5D7}.Debug|TwinCAT RT (x64).ActiveCfg = Debug|TwinCAT RT (x64)
		{4441647A-98F2-4276-9D3D-9FF4A936C5D7}.Debug|TwinCAT RT (x64).Build.0 = Debug|TwinCAT RT (x64)
		{4441647A-98F2-4276-9D3D-9FF4A936C5D7}.Debug|TwinCAT RT (x86).ActiveCfg = Debug|TwinCAT RT (x86)
		{4441647A-98F2-4276-9D3D-9FF4A936C5D7}.Debug|TwinCAT RT (x86).Build.0 = Debug|TwinCAT RT (x86)
		{4441647A-98F2-4276-9D3D-9FF4A936C5D7}.Release|TwinCAT OS (ARMV7-A).ActiveCfg = Release|TwinCAT OS (ARMV7-A)
		{4441647A-98F2-4276-9D3D-9FF4A936C5D7}.Release|TwinCAT OS (ARMV7-A).Build.0 = Release|TwinCAT OS (ARMV7-A)
		{4441647A-98F2-4276-9D3D-9FF4A936C5D7}.Release|TwinCAT OS (ARMV7-M).ActiveCfg = Release|TwinCAT OS (ARMV7-M)
		{4441647A-98F2-4276-9D3D-9FF4A936C5D7}.Release|TwinCAT OS (ARMV7-M).Build.0 = Release|TwinCAT OS (ARMV7-M)
		{4441647A-98F2-4276-9D3D-9FF4A936C5D7}.Release|TwinCAT OS (ARMV8-A).ActiveCfg = Release|TwinCAT OS (ARMV8-A)
		{4441647A-98F2-4276-9D3D-9FF4A936C5D7}.Release|TwinCAT OS (ARMV8-A).Build.0 = Release|TwinCAT OS (ARMV8-A)
		{4441647A-98F2-4276-9D3D-9FF4A936C5D7}.Release|TwinCAT OS (x64).ActiveCfg = Release|TwinCAT OS (x64)
		{4441647A-98F2-4276-9D3D-9FF4A936C5D7}.Release|TwinCAT OS (x64).Build.0 = Release|TwinCAT OS (x64)
		{4441647A-98F2-4276-9D3D-9FF4A936C5D7}.Release|TwinCAT OS (x64-E).ActiveCfg = Release|TwinCAT OS (x64-E)
		{4441647A-98F2-4276-9D3D-9FF4A936C5D7}.Release|TwinCAT OS (x64-E).Build.0 = Release|TwinCAT OS (x64-E)
		{4441647A-98F2-4276-9D3D-9FF4A936C5D7}.Release|TwinCAT RT (x64).ActiveCfg = Release|TwinCAT RT (x64)
		{4441647A-98F2-4276-9D3D-9FF4A936C5D7}.Release|TwinCAT RT (x64).Build.0 = Release|TwinCAT RT (x64)
		{4441647A-98F2-4276-9D3D-9FF4A936C5D7}.Release|TwinCAT RT (x86).ActiveCfg = Release|TwinCAT RT (x86)
		{4441647A-98F2-4276-9D3D-9FF4A936C5D7}.Release|TwinCAT RT (x86).Build.0 = Release|TwinCAT RT (x86)
		{3436BA42-741B-4969-B3C4-C0266D74CD01}.Debug|TwinCAT OS (ARMV7-A).ActiveCfg = Debug|TwinCAT OS (ARMV7-A)
		{3436BA42-741B-4969-B3C4-C0266D74CD01}.Debug|TwinCAT OS (ARMV7-A).Build.0 = Debug|TwinCAT OS (ARMV7-A)
		{3436BA42-741B-4969-B3C4-C0266D74CD01}.Debug|TwinCAT OS (ARMV7-M).ActiveCfg = Debug|TwinCAT OS (ARMV7-M)
		{3436BA42-741B-4969-B3C4-C0266D74CD01}.Debug|TwinCAT OS (ARMV7-M).Build.0 = Debug|TwinCAT OS (ARMV7-M)
		{3436BA42-741B-4969-B3C4-C0266D74CD01}.Debug|TwinCAT OS (ARMV8-A).ActiveCfg = Debug|TwinCAT OS (ARMV8-A)
		{3436BA42-741B-4969-B3C4-C0266D74CD01}.Debug|TwinCAT OS (ARMV8-A).Build.0 = Debug|TwinCAT OS (ARMV8-A)
		{3436BA42-741B-4969-B3C4-C0266D74CD01}.Debug|TwinCAT OS (x64).ActiveCfg = Debug|TwinCAT OS (x64)
		{3436BA42-741B-4969-B3C4-C0266D74CD01}.Debug|TwinCAT OS (x64).Build.0 = Debug|TwinCAT OS (x64)
		{3436BA42-741B-4969-B3C4-C0266D74CD01}.Debug|TwinCAT OS (x64-E).ActiveCfg = Debug|TwinCAT OS (x64-E)
		{3436BA42-741B-4969-B3C4-C0266D74CD01}.Debug|TwinCAT OS (x64-E).Build.0 = Debug|TwinCAT OS (x64-E)
		{3436BA42-741B-4969-B3C4-C0266D74CD01}.Debug|TwinCAT RT (x64).ActiveCfg = Debug|TwinCAT RT (x64)
		{3436BA42-741B-4969-B3C4-C0266D74CD01}.Debug|TwinCAT RT (x64).Build.0 = Debug|TwinCAT RT (x64)
		{3436BA42-741B-4969-B3C4-C0266D74CD01}.Debug|TwinCAT RT (x86).ActiveCfg = Debug|TwinCAT RT (x86)
		{3436BA42-741B-4969-B3C4-C0266D74CD01}.Debug|TwinCAT RT (x86).Build.0 = Debug|TwinCAT RT (x86)
		{3436BA42-741B-4969-B3C4-C0266D74CD01}.Release|TwinCAT OS (ARMV7-A).ActiveCfg = Release|TwinCAT OS (ARMV7-A)
		{3436BA42-741B-4969-B3C4-C0266D74CD01}.Release|TwinCAT OS (ARMV7-A).Build.0 = Release|TwinCAT OS (ARMV7-A)
		{3436BA42-741B-4969-B3C4-C0266D74CD01}.Release|TwinCAT OS (ARMV7-M).ActiveCfg = Release|TwinCAT OS (ARMV7-M)
		{3436BA42-741B-4969-B3C4-C0266D74CD01}.Release|TwinCAT OS (ARMV7-M).Build.0 = Release|TwinCAT OS (ARMV7-M)
		{3436BA42-741B-4969-B3C4-C0266D74CD01}.Release|TwinCAT OS (ARMV8-A).ActiveCfg = Release|TwinCAT OS (ARMV8-A)
		{3436BA42-741B-4969-B3C4-C0266D74CD01}.Release|TwinCAT OS (ARMV8-A).Build.0 = Release|TwinCAT OS (ARMV8-A)
		{3436BA42-741B-4969-B3C4-C0266D74CD01}.Release|TwinCAT OS (x64).ActiveCfg = Release|TwinCAT OS (x64)
		{3436BA42-741B-4969-B3C4-C0266D74CD01}.Release|TwinCAT OS (x64).Build.0 = Release|TwinCAT OS (x64)
		{3436BA42-741B-4969-B3C4-C0266D74CD01}.Release|TwinCAT OS (x64-E).ActiveCfg = Release|TwinCAT OS (x64-E)
		{3436BA42-741B-4969-B3C4-C0266D74CD01}.Release|TwinCAT OS (x64-E).Build.0 = Release|TwinCAT OS (x64-E)
		{3436BA42-741B-4969-B3C4-C0266D74CD01}.Release|TwinCAT RT (x64).ActiveCfg = Release|TwinCAT RT (x64)
		{3436BA42-741B-4969-B3C4-C0266D74CD01}.Release|TwinCAT RT (x64).Build.0 = Release|TwinCAT RT (x64)
		{3436BA42-741B-4969-B3C4-C0266D74CD01}.Release|TwinCAT RT (x86).ActiveCfg = Release|TwinCAT RT (x86)
		{3436BA42-741B-4969-B3C4-C0266D74CD01}.Release|TwinCAT RT (x86).Build.0 = Release|TwinCAT RT (x86)
		{1A61DC20-B349-4546-BFED-BC9B8689ED61}.Debug|TwinCAT OS (ARMV7-A).ActiveCfg = Debug|TwinCAT OS (ARMV7-A)
		{1A61DC20-B349-4546-BFED-BC9B8689ED61}.Debug|TwinCAT OS (ARMV7-A).Build.0 = Debug|TwinCAT OS (ARMV7-A)
		{1A61DC20-B349-4546-BFED-BC9B8689ED61}.Debug|TwinCAT OS (ARMV7-M).ActiveCfg = Debug|TwinCAT OS (ARMV7-M)
		{1A61DC20-B349-4546-BFED-BC9B8689ED61}.Debug|TwinCAT OS (ARMV7-M).Build.0 = Debug|TwinCAT OS (ARMV7-M)
		{1A61DC20-B349-4546-BFED-BC9B8689ED61}.Debug|TwinCAT OS (ARMV8-A).ActiveCfg = Debug|TwinCAT OS (ARMV8-A)
		{1A61DC20-B349-4546-BFED-BC9B8689ED61}.Debug|TwinCAT OS (ARMV8-A).Build.0 = Debug|TwinCAT OS (ARMV8-A)
		{1A61DC20-B349-4546-BFED-BC9B8689ED61}.Debug|TwinCAT OS (x64).ActiveCfg = Debug|TwinCAT OS (x64)
		{1A61DC20-B349-4546-BFED-BC9B8689ED61}.Debug|TwinCAT OS (x64).Build.0 = Debug|TwinCAT OS (x64)
		{1A61DC20-B349-4546-BFED-BC9B8689ED61}.Debug|TwinCAT OS (x64-E).ActiveCfg = Debug|TwinCAT OS (x64-E)
		{1A61DC20-B349-4546-BFED-BC9B8689ED61}.Debug|TwinCAT OS (x64-E).Build.0 = Debug|TwinCAT OS (x64-E)
		{1A61DC20-B349-4546-BFED-BC9B8689ED61}.Debug|TwinCAT RT (x64).ActiveCfg = Debug|TwinCAT RT (x64)
		{1A61DC20-B349-4546-BFED-BC9B8689ED61}.Debug|TwinCAT RT (x64).Build.0 = Debug|TwinCAT RT (x64)
		{1A61DC20-B349-4546-BFED-BC9B8689ED61}.Debug|TwinCAT RT (x86).ActiveCfg = Debug|TwinCAT RT (x86)
		{1A61DC20-B349-4546-BFED-BC9B8689ED61}.Debug|TwinCAT RT (x86).Build.0 = Debug|TwinCAT RT (x86)
		{1A61DC20-B349-4546-BFED-BC9B8689ED61}.Release|TwinCAT OS (ARMV7-A).ActiveCfg = Release|TwinCAT OS (ARMV7-A)
		{1A61DC20-B349-4546-BFED-BC9B8689ED61}.Release|TwinCAT OS (ARMV7-A).Build.0 = Release|TwinCAT OS (ARMV7-A)
		{1A61DC20-B349-4546-BFED-BC9B8689ED61}.Release|TwinCAT OS (ARMV7-M).ActiveCfg = Release|TwinCAT OS (ARMV7-M)
		{1A61DC20-B349-4546-BFED-BC9B8689ED61}.Release|TwinCAT OS (ARMV7-M).Build.0 = Release|TwinCAT OS (ARMV7-M)
		{1A61DC20-B349-4546-BFED-BC9B8689ED61}.Release|TwinCAT OS (ARMV8-A).ActiveCfg = Release|TwinCAT OS (ARMV8-A)
		{1A61DC20-B349-4546-BFED-BC9B8689ED61}.Release|TwinCAT OS (ARMV8-A).Build.0 = Release|TwinCAT OS (ARMV8-A)
		{1A61DC20-B349-4546-BFED-BC9B8689ED61}.Release|TwinCAT OS (x64).ActiveCfg = Release|TwinCAT OS (x64)
		{1A61DC20-B349-4546-BFED-BC9B8689ED61}.Release|TwinCAT OS (x64).Build.0 = Release|TwinCAT OS (x64)
		{1A61DC20-B349-4546-BFED-BC9B8689ED61}.Release|TwinCAT OS (x64-E).ActiveCfg = Release|TwinCAT OS (x64-E)
		{1A61DC20-B349-4546-BFED-BC9B8689ED61}.Release|TwinCAT OS (x64-E).Build.0 = Release|TwinCAT OS (x64-E)
		{1A61DC20-B349-4546-BFED-BC9B8689ED61}.Release|TwinCAT RT (x64).ActiveCfg = Release|TwinCAT RT (x64)
		{1A61DC20-B349-4546-BFED-BC9B8689ED61}.Release|TwinCAT RT (x64).Build.0 = Release|TwinCAT RT (x64)
		{1A61DC20-B349-4546-BFED-BC9B8689ED61}.Release|TwinCAT RT (x86).ActiveCfg = Release|TwinCAT RT (x86)
		{1A61DC20-B349-4546-BFED-BC9B8689ED61}.Release|TwinCAT RT (x86).Build.0 = Release|TwinCAT RT (x86)
	EndGlobalSection
	GlobalSection(SolutionProperties) = preSolution
		HideSolutionNode = FALSE
	EndGlobalSection
	GlobalSection(ExtensibilityGlobals) = postSolution
		SolutionGuid = {458A5788-1B5B-4CF2-A55D-65CE3F8355A2}
	EndGlobalSection
EndGlobal
