
Microsoft Visual Studio Solution File, Format Version 12.00
# TcXaeShell Solution File, Format Version 11.00
VisualStudioVersion = 17.10.35827.194
MinimumVisualStudioVersion = 10.0.40219.1
Project("{B1E792BE-AA5F-4E3C-8C82-674BF9C0715B}") = "B5PIDController", "B5PIDController\B5PIDController.tsproj", "{206BD2C4-367F-4E5A-B21C-1A1A5931FC6C}"
EndProject
Project("{B1E792BE-AA5F-4E3C-8C82-674BF9C0715B}") = "PIDControllerTests_Tc", "PIDControllerTests_Tc\PIDControllerTests_Tc.tsproj", "{2F9AFE28-6282-4A55-921F-4123CD886830}"
EndProject
Global
	GlobalSection(SolutionConfigurationPlatforms) = preSolution
		Debug|TwinCAT OS (ARMV7-A) = Debug|TwinCAT OS (ARMV7-A)
		Debug|TwinCAT OS (ARMV7-M) = Debug|TwinCAT OS (ARMV7-M)
		Debug|TwinCAT OS (ARMV8-A) = Debug|TwinCAT OS (ARMV8-A)
		Debug|TwinCAT OS (x64) = Debug|TwinCAT OS (x64)
		Debug|TwinCAT OS (x64-E) = Debug|TwinCAT OS (x64-E)
		Debug|TwinCAT RT (x64) = Debug|TwinCAT RT (x64)
		Debug|TwinCAT RT (x86) = Debug|TwinCAT RT (x86)
		Release|TwinCAT OS (ARMV7-A) = Release|TwinCAT OS (ARMV7-A)
		Release|TwinCAT OS (ARMV7-M) = Release|TwinCAT OS (ARMV7-M)
		Release|TwinCAT OS (ARMV8-A) = Release|TwinCAT OS (ARMV8-A)
		Release|TwinCAT OS (x64) = Release|TwinCAT OS (x64)
		Release|TwinCAT OS (x64-E) = Release|TwinCAT OS (x64-E)
		Release|TwinCAT RT (x64) = Release|TwinCAT RT (x64)
		Release|TwinCAT RT (x86) = Release|TwinCAT RT (x86)
	EndGlobalSection
	GlobalSection(ProjectConfigurationPlatforms) = postSolution
		{206BD2C4-367F-4E5A-B21C-1A1A5931FC6C}.Debug|TwinCAT OS (ARMV7-A).ActiveCfg = Debug|TwinCAT OS (ARMV7-A)
		{206BD2C4-367F-4E5A-B21C-1A1A5931FC6C}.Debug|TwinCAT OS (ARMV7-A).Build.0 = Debug|TwinCAT OS (ARMV7-A)
		{206BD2C4-367F-4E5A-B21C-1A1A5931FC6C}.Debug|TwinCAT OS (ARMV7-M).ActiveCfg = Debug|TwinCAT OS (ARMV7-M)
		{206BD2C4-367F-4E5A-B21C-1A1A5931FC6C}.Debug|TwinCAT OS (ARMV7-M).Build.0 = Debug|TwinCAT OS (ARMV7-M)
		{206BD2C4-367F-4E5A-B21C-1A1A5931FC6C}.Debug|TwinCAT OS (ARMV8-A).ActiveCfg = Debug|TwinCAT OS (ARMV8-A)
		{206BD2C4-367F-4E5A-B21C-1A1A5931FC6C}.Debug|TwinCAT OS (ARMV8-A).Build.0 = Debug|TwinCAT OS (ARMV8-A)
		{206BD2C4-367F-4E5A-B21C-1A1A5931FC6C}.Debug|TwinCAT OS (x64).ActiveCfg = Debug|TwinCAT OS (x64)
		{206BD2C4-367F-4E5A-B21C-1A1A5931FC6C}.Debug|TwinCAT OS (x64).Build.0 = Debug|TwinCAT OS (x64)
		{206BD2C4-367F-4E5A-B21C-1A1A5931FC6C}.Debug|TwinCAT OS (x64-E).ActiveCfg = Debug|TwinCAT OS (x64-E)
		{206BD2C4-367F-4E5A-B21C-1A1A5931FC6C}.Debug|TwinCAT OS (x64-E).Build.0 = Debug|TwinCAT OS (x64-E)
		{206BD2C4-367F-4E5A-B21C-1A1A5931FC6C}.Debug|TwinCAT RT (x64).ActiveCfg = Debug|TwinCAT RT (x64)
		{206BD2C4-367F-4E5A-B21C-1A1A5931FC6C}.Debug|TwinCAT RT (x64).Build.0 = Debug|TwinCAT RT (x64)
		{206BD2C4-367F-4E5A-B21C-1A1A5931FC6C}.Debug|TwinCAT RT (x86).ActiveCfg = Debug|TwinCAT RT (x86)
		{206BD2C4-367F-4E5A-B21C-1A1A5931FC6C}.Debug|TwinCAT RT (x86).Build.0 = Debug|TwinCAT RT (x86)
		{206BD2C4-367F-4E5A-B21C-1A1A5931FC6C}.Release|TwinCAT OS (ARMV7-A).ActiveCfg = Release|TwinCAT OS (ARMV7-A)
		{206BD2C4-367F-4E5A-B21C-1A1A5931FC6C}.Release|TwinCAT OS (ARMV7-A).Build.0 = Release|TwinCAT OS (ARMV7-A)
		{206BD2C4-367F-4E5A-B21C-1A1A5931FC6C}.Release|TwinCAT OS (ARMV7-M).ActiveCfg = Release|TwinCAT OS (ARMV7-M)
		{206BD2C4-367F-4E5A-B21C-1A1A5931FC6C}.Release|TwinCAT OS (ARMV7-M).Build.0 = Release|TwinCAT OS (ARMV7-M)
		{206BD2C4-367F-4E5A-B21C-1A1A5931FC6C}.Release|TwinCAT OS (ARMV8-A).ActiveCfg = Release|TwinCAT OS (ARMV8-A)
		{206BD2C4-367F-4E5A-B21C-1A1A5931FC6C}.Release|TwinCAT OS (ARMV8-A).Build.0 = Release|TwinCAT OS (ARMV8-A)
		{206BD2C4-367F-4E5A-B21C-1A1A5931FC6C}.Release|TwinCAT OS (x64).ActiveCfg = Release|TwinCAT OS (x64)
		{206BD2C4-367F-4E5A-B21C-1A1A5931FC6C}.Release|TwinCAT OS (x64).Build.0 = Release|TwinCAT OS (x64)
		{206BD2C4-367F-4E5A-B21C-1A1A5931FC6C}.Release|TwinCAT OS (x64-E).ActiveCfg = Release|TwinCAT OS (x64-E)
		{206BD2C4-367F-4E5A-B21C-1A1A5931FC6C}.Release|TwinCAT OS (x64-E).Build.0 = Release|TwinCAT OS (x64-E)
		{206BD2C4-367F-4E5A-B21C-1A1A5931FC6C}.Release|TwinCAT RT (x64).ActiveCfg = Release|TwinCAT RT (x64)
		{206BD2C4-367F-4E5A-B21C-1A1A5931FC6C}.Release|TwinCAT RT (x64).Build.0 = Release|TwinCAT RT (x64)
		{206BD2C4-367F-4E5A-B21C-1A1A5931FC6C}.Release|TwinCAT RT (x86).ActiveCfg = Release|TwinCAT RT (x86)
		{206BD2C4-367F-4E5A-B21C-1A1A5931FC6C}.Release|TwinCAT RT (x86).Build.0 = Release|TwinCAT RT (x86)
		{9DAF1E52-F5EE-4208-A3E1-B92318B77E4D}.Debug|TwinCAT OS (ARMV7-A).ActiveCfg = Debug|TwinCAT OS (ARMV7-A)
		{9DAF1E52-F5EE-4208-A3E1-B92318B77E4D}.Debug|TwinCAT OS (ARMV7-A).Build.0 = Debug|TwinCAT OS (ARMV7-A)
		{9DAF1E52-F5EE-4208-A3E1-B92318B77E4D}.Debug|TwinCAT OS (ARMV7-M).ActiveCfg = Debug|TwinCAT OS (ARMV7-M)
		{9DAF1E52-F5EE-4208-A3E1-B92318B77E4D}.Debug|TwinCAT OS (ARMV7-M).Build.0 = Debug|TwinCAT OS (ARMV7-M)
		{9DAF1E52-F5EE-4208-A3E1-B92318B77E4D}.Debug|TwinCAT OS (ARMV8-A).ActiveCfg = Debug|TwinCAT OS (ARMV8-A)
		{9DAF1E52-F5EE-4208-A3E1-B92318B77E4D}.Debug|TwinCAT OS (ARMV8-A).Build.0 = Debug|TwinCAT OS (ARMV8-A)
		{9DAF1E52-F5EE-4208-A3E1-B92318B77E4D}.Debug|TwinCAT OS (x64).ActiveCfg = Debug|TwinCAT OS (x64)
		{9DAF1E52-F5EE-4208-A3E1-B92318B77E4D}.Debug|TwinCAT OS (x64).Build.0 = Debug|TwinCAT OS (x64)
		{9DAF1E52-F5EE-4208-A3E1-B92318B77E4D}.Debug|TwinCAT OS (x64-E).ActiveCfg = Debug|TwinCAT OS (x64-E)
		{9DAF1E52-F5EE-4208-A3E1-B92318B77E4D}.Debug|TwinCAT OS (x64-E).Build.0 = Debug|TwinCAT OS (x64-E)
		{9DAF1E52-F5EE-4208-A3E1-B92318B77E4D}.Debug|TwinCAT RT (x64).ActiveCfg = Debug|TwinCAT RT (x64)
		{9DAF1E52-F5EE-4208-A3E1-B92318B77E4D}.Debug|TwinCAT RT (x64).Build.0 = Debug|TwinCAT RT (x64)
		{9DAF1E52-F5EE-4208-A3E1-B92318B77E4D}.Debug|TwinCAT RT (x86).ActiveCfg = Debug|TwinCAT RT (x86)
		{9DAF1E52-F5EE-4208-A3E1-B92318B77E4D}.Debug|TwinCAT RT (x86).Build.0 = Debug|TwinCAT RT (x86)
		{9DAF1E52-F5EE-4208-A3E1-B92318B77E4D}.Release|TwinCAT OS (ARMV7-A).ActiveCfg = Release|TwinCAT OS (ARMV7-A)
		{9DAF1E52-F5EE-4208-A3E1-B92318B77E4D}.Release|TwinCAT OS (ARMV7-A).Build.0 = Release|TwinCAT OS (ARMV7-A)
		{9DAF1E52-F5EE-4208-A3E1-B92318B77E4D}.Release|TwinCAT OS (ARMV7-M).ActiveCfg = Release|TwinCAT OS (ARMV7-M)
		{9DAF1E52-F5EE-4208-A3E1-B92318B77E4D}.Release|TwinCAT OS (ARMV7-M).Build.0 = Release|TwinCAT OS (ARMV7-M)
		{9DAF1E52-F5EE-4208-A3E1-B92318B77E4D}.Release|TwinCAT OS (ARMV8-A).ActiveCfg = Release|TwinCAT OS (ARMV8-A)
		{9DAF1E52-F5EE-4208-A3E1-B92318B77E4D}.Release|TwinCAT OS (ARMV8-A).Build.0 = Release|TwinCAT OS (ARMV8-A)
		{9DAF1E52-F5EE-4208-A3E1-B92318B77E4D}.Release|TwinCAT OS (x64).ActiveCfg = Release|TwinCAT OS (x64)
		{9DAF1E52-F5EE-4208-A3E1-B92318B77E4D}.Release|TwinCAT OS (x64).Build.0 = Release|TwinCAT OS (x64)
		{9DAF1E52-F5EE-4208-A3E1-B92318B77E4D}.Release|TwinCAT OS (x64-E).ActiveCfg = Release|TwinCAT OS (x64-E)
		{9DAF1E52-F5EE-4208-A3E1-B92318B77E4D}.Release|TwinCAT OS (x64-E).Build.0 = Release|TwinCAT OS (x64-E)
		{9DAF1E52-F5EE-4208-A3E1-B92318B77E4D}.Release|TwinCAT RT (x64).ActiveCfg = Release|TwinCAT RT (x64)
		{9DAF1E52-F5EE-4208-A3E1-B92318B77E4D}.Release|TwinCAT RT (x64).Build.0 = Release|TwinCAT RT (x64)
		{9DAF1E52-F5EE-4208-A3E1-B92318B77E4D}.Release|TwinCAT RT (x86).ActiveCfg = Release|TwinCAT RT (x86)
		{9DAF1E52-F5EE-4208-A3E1-B92318B77E4D}.Release|TwinCAT RT (x86).Build.0 = Release|TwinCAT RT (x86)
		{2F9AFE28-6282-4A55-921F-4123CD886830}.Debug|TwinCAT OS (ARMV7-A).ActiveCfg = Debug|TwinCAT OS (ARMV7-A)
		{2F9AFE28-6282-4A55-921F-4123CD886830}.Debug|TwinCAT OS (ARMV7-A).Build.0 = Debug|TwinCAT OS (ARMV7-A)
		{2F9AFE28-6282-4A55-921F-4123CD886830}.Debug|TwinCAT OS (ARMV7-M).ActiveCfg = Debug|TwinCAT OS (ARMV7-M)
		{2F9AFE28-6282-4A55-921F-4123CD886830}.Debug|TwinCAT OS (ARMV7-M).Build.0 = Debug|TwinCAT OS (ARMV7-M)
		{2F9AFE28-6282-4A55-921F-4123CD886830}.Debug|TwinCAT OS (ARMV8-A).ActiveCfg = Debug|TwinCAT OS (ARMV8-A)
		{2F9AFE28-6282-4A55-921F-4123CD886830}.Debug|TwinCAT OS (ARMV8-A).Build.0 = Debug|TwinCAT OS (ARMV8-A)
		{2F9AFE28-6282-4A55-921F-4123CD886830}.Debug|TwinCAT OS (x64).ActiveCfg = Debug|TwinCAT OS (x64)
		{2F9AFE28-6282-4A55-921F-4123CD886830}.Debug|TwinCAT OS (x64).Build.0 = Debug|TwinCAT OS (x64)
		{2F9AFE28-6282-4A55-921F-4123CD886830}.Debug|TwinCAT OS (x64-E).ActiveCfg = Debug|TwinCAT OS (x64-E)
		{2F9AFE28-6282-4A55-921F-4123CD886830}.Debug|TwinCAT OS (x64-E).Build.0 = Debug|TwinCAT OS (x64-E)
		{2F9AFE28-6282-4A55-921F-4123CD886830}.Debug|TwinCAT RT (x64).ActiveCfg = Debug|TwinCAT RT (x64)
		{2F9AFE28-6282-4A55-921F-4123CD886830}.Debug|TwinCAT RT (x64).Build.0 = Debug|TwinCAT RT (x64)
		{2F9AFE28-6282-4A55-921F-4123CD886830}.Debug|TwinCAT RT (x86).ActiveCfg = Debug|TwinCAT RT (x86)
		{2F9AFE28-6282-4A55-921F-4123CD886830}.Debug|TwinCAT RT (x86).Build.0 = Debug|TwinCAT RT (x86)
		{2F9AFE28-6282-4A55-921F-4123CD886830}.Release|TwinCAT OS (ARMV7-A).ActiveCfg = Release|TwinCAT OS (ARMV7-A)
		{2F9AFE28-6282-4A55-921F-4123CD886830}.Release|TwinCAT OS (ARMV7-A).Build.0 = Release|TwinCAT OS (ARMV7-A)
		{2F9AFE28-6282-4A55-921F-4123CD886830}.Release|TwinCAT OS (ARMV7-M).ActiveCfg = Release|TwinCAT OS (ARMV7-M)
		{2F9AFE28-6282-4A55-921F-4123CD886830}.Release|TwinCAT OS (ARMV7-M).Build.0 = Release|TwinCAT OS (ARMV7-M)
		{2F9AFE28-6282-4A55-921F-4123CD886830}.Release|TwinCAT OS (ARMV8-A).ActiveCfg = Release|TwinCAT OS (ARMV8-A)
		{2F9AFE28-6282-4A55-921F-4123CD886830}.Release|TwinCAT OS (ARMV8-A).Build.0 = Release|TwinCAT OS (ARMV8-A)
		{2F9AFE28-6282-4A55-921F-4123CD886830}.Release|TwinCAT OS (x64).ActiveCfg = Release|TwinCAT OS (x64)
		{2F9AFE28-6282-4A55-921F-4123CD886830}.Release|TwinCAT OS (x64).Build.0 = Release|TwinCAT OS (x64)
		{2F9AFE28-6282-4A55-921F-4123CD886830}.Release|TwinCAT OS (x64-E).ActiveCfg = Release|TwinCAT OS (x64-E)
		{2F9AFE28-6282-4A55-921F-4123CD886830}.Release|TwinCAT OS (x64-E).Build.0 = Release|TwinCAT OS (x64-E)
		{2F9AFE28-6282-4A55-921F-4123CD886830}.Release|TwinCAT RT (x64).ActiveCfg = Release|TwinCAT RT (x64)
		{2F9AFE28-6282-4A55-921F-4123CD886830}.Release|TwinCAT RT (x64).Build.0 = Release|TwinCAT RT (x64)
		{2F9AFE28-6282-4A55-921F-4123CD886830}.Release|TwinCAT RT (x86).ActiveCfg = Release|TwinCAT RT (x86)
		{2F9AFE28-6282-4A55-921F-4123CD886830}.Release|TwinCAT RT (x86).Build.0 = Release|TwinCAT RT (x86)
		{B0ED563F-2994-410C-B788-3433A8EA5821}.Debug|TwinCAT OS (ARMV7-A).ActiveCfg = Debug|TwinCAT OS (ARMV7-A)
		{B0ED563F-2994-410C-B788-3433A8EA5821}.Debug|TwinCAT OS (ARMV7-A).Build.0 = Debug|TwinCAT OS (ARMV7-A)
		{B0ED563F-2994-410C-B788-3433A8EA5821}.Debug|TwinCAT OS (ARMV7-M).ActiveCfg = Debug|TwinCAT OS (ARMV7-M)
		{B0ED563F-2994-410C-B788-3433A8EA5821}.Debug|TwinCAT OS (ARMV7-M).Build.0 = Debug|TwinCAT OS (ARMV7-M)
		{B0ED563F-2994-410C-B788-3433A8EA5821}.Debug|TwinCAT OS (ARMV8-A).ActiveCfg = Debug|TwinCAT OS (ARMV8-A)
		{B0ED563F-2994-410C-B788-3433A8EA5821}.Debug|TwinCAT OS (ARMV8-A).Build.0 = Debug|TwinCAT OS (ARMV8-A)
		{B0ED563F-2994-410C-B788-3433A8EA5821}.Debug|TwinCAT OS (x64).ActiveCfg = Debug|TwinCAT OS (x64)
		{B0ED563F-2994-410C-B788-3433A8EA5821}.Debug|TwinCAT OS (x64).Build.0 = Debug|TwinCAT OS (x64)
		{B0ED563F-2994-410C-B788-3433A8EA5821}.Debug|TwinCAT OS (x64-E).ActiveCfg = Debug|TwinCAT OS (x64-E)
		{B0ED563F-2994-410C-B788-3433A8EA5821}.Debug|TwinCAT OS (x64-E).Build.0 = Debug|TwinCAT OS (x64-E)
		{B0ED563F-2994-410C-B788-3433A8EA5821}.Debug|TwinCAT RT (x64).ActiveCfg = Debug|TwinCAT RT (x64)
		{B0ED563F-2994-410C-B788-3433A8EA5821}.Debug|TwinCAT RT (x64).Build.0 = Debug|TwinCAT RT (x64)
		{B0ED563F-2994-410C-B788-3433A8EA5821}.Debug|TwinCAT RT (x86).ActiveCfg = Debug|TwinCAT RT (x86)
		{B0ED563F-2994-410C-B788-3433A8EA5821}.Debug|TwinCAT RT (x86).Build.0 = Debug|TwinCAT RT (x86)
		{B0ED563F-2994-410C-B788-3433A8EA5821}.Release|TwinCAT OS (ARMV7-A).ActiveCfg = Release|TwinCAT OS (ARMV7-A)
		{B0ED563F-2994-410C-B788-3433A8EA5821}.Release|TwinCAT OS (ARMV7-A).Build.0 = Release|TwinCAT OS (ARMV7-A)
		{B0ED563F-2994-410C-B788-3433A8EA5821}.Release|TwinCAT OS (ARMV7-M).ActiveCfg = Release|TwinCAT OS (ARMV7-M)
		{B0ED563F-2994-410C-B788-3433A8EA5821}.Release|TwinCAT OS (ARMV7-M).Build.0 = Release|TwinCAT OS (ARMV7-M)
		{B0ED563F-2994-410C-B788-3433A8EA5821}.Release|TwinCAT OS (ARMV8-A).ActiveCfg = Release|TwinCAT OS (ARMV8-A)
		{B0ED563F-2994-410C-B788-3433A8EA5821}.Release|TwinCAT OS (ARMV8-A).Build.0 = Release|TwinCAT OS (ARMV8-A)
		{B0ED563F-2994-410C-B788-3433A8EA5821}.Release|TwinCAT OS (x64).ActiveCfg = Release|TwinCAT OS (x64)
		{B0ED563F-2994-410C-B788-3433A8EA5821}.Release|TwinCAT OS (x64).Build.0 = Release|TwinCAT OS (x64)
		{B0ED563F-2994-410C-B788-3433A8EA5821}.Release|TwinCAT OS (x64-E).ActiveCfg = Release|TwinCAT OS (x64-E)
		{B0ED563F-2994-410C-B788-3433A8EA5821}.Release|TwinCAT OS (x64-E).Build.0 = Release|TwinCAT OS (x64-E)
		{B0ED563F-2994-410C-B788-3433A8EA5821}.Release|TwinCAT RT (x64).ActiveCfg = Release|TwinCAT RT (x64)
		{B0ED563F-2994-410C-B788-3433A8EA5821}.Release|TwinCAT RT (x64).Build.0 = Release|TwinCAT RT (x64)
		{B0ED563F-2994-410C-B788-3433A8EA5821}.Release|TwinCAT RT (x86).ActiveCfg = Release|TwinCAT RT (x86)
		{B0ED563F-2994-410C-B788-3433A8EA5821}.Release|TwinCAT RT (x86).Build.0 = Release|TwinCAT RT (x86)
	EndGlobalSection
	GlobalSection(SolutionProperties) = preSolution
		HideSolutionNode = FALSE
	EndGlobalSection
	GlobalSection(ExtensibilityGlobals) = postSolution
		SolutionGuid = {C8302C2C-7AB8-4029-B498-CABF6EB86FFF}
	EndGlobalSection
EndGlobal
