
Microsoft Visual Studio Solution File, Format Version 12.00
# TcXaeShell Solution File, Format Version 11.00
VisualStudioVersion = 17.10.35827.194
MinimumVisualStudioVersion = 10.0.40219.1
Project("{B1E792BE-AA5F-4E3C-8C82-674BF9C0715B}") = "T2Pid", "T2Pid\T2Pid.tsproj", "{E492C28F-C074-4E15-822C-77F4D422E3D1}"
EndProject
Project("{B1E792BE-AA5F-4E3C-8C82-674BF9C0715B}") = "PidTests_Tc", "PidTests_Tc\PidTests_Tc.tsproj", "{FA083CB1-9410-4679-A332-DA8ED0B31CEA}"
EndProject
Global
	GlobalSection(SolutionConfigurationPlatforms) = preSolution
		Debug|TwinCAT OS (ARMV7-A) = Debug|TwinCAT OS (ARMV7-A)
		Debug|TwinCAT OS (ARMV7-M) = Debug|TwinCAT OS (ARMV7-M)
		Debug|TwinCAT OS (ARMV8-A) = Debug|TwinCAT OS (ARMV8-A)
		Debug|TwinCAT OS (x64) = Debug|TwinCAT OS (x64)
		Debug|TwinCAT OS (x64-E) = Debug|TwinCAT OS (x64-E)
		Debug|TwinCAT RT (x64) = Debug|TwinCAT RT (x64)
		Debug|TwinCAT RT (x86) = Debug|TwinCAT RT (x86)
		Release|TwinCAT OS (ARMV7-A) = Release|TwinCAT OS (ARMV7-A)
		Release|TwinCAT OS (ARMV7-M) = Release|TwinCAT OS (ARMV7-M)
		Release|TwinCAT OS (ARMV8-A) = Release|TwinCAT OS (ARMV8-A)
		Release|TwinCAT OS (x64) = Release|TwinCAT OS (x64)
		Release|TwinCAT OS (x64-E) = Release|TwinCAT OS (x64-E)
		Release|TwinCAT RT (x64) = Release|TwinCAT RT (x64)
		Release|TwinCAT RT (x86) = Release|TwinCAT RT (x86)
	EndGlobalSection
	GlobalSection(ProjectConfigurationPlatforms) = postSolution
		{E492C28F-C074-4E15-822C-77F4D422E3D1}.Debug|TwinCAT OS (ARMV7-A).ActiveCfg = Debug|TwinCAT OS (ARMV7-A)
		{E492C28F-C074-4E15-822C-77F4D422E3D1}.Debug|TwinCAT OS (ARMV7-A).Build.0 = Debug|TwinCAT OS (ARMV7-A)
		{E492C28F-C074-4E15-822C-77F4D422E3D1}.Debug|TwinCAT OS (ARMV7-M).ActiveCfg = Debug|TwinCAT OS (ARMV7-M)
		{E492C28F-C074-4E15-822C-77F4D422E3D1}.Debug|TwinCAT OS (ARMV7-M).Build.0 = Debug|TwinCAT OS (ARMV7-M)
		{E492C28F-C074-4E15-822C-77F4D422E3D1}.Debug|TwinCAT OS (ARMV8-A).ActiveCfg = Debug|TwinCAT OS (ARMV8-A)
		{E492C28F-C074-4E15-822C-77F4D422E3D1}.Debug|TwinCAT OS (ARMV8-A).Build.0 = Debug|TwinCAT OS (ARMV8-A)
		{E492C28F-C074-4E15-822C-77F4D422E3D1}.Debug|TwinCAT OS (x64).ActiveCfg = Debug|TwinCAT OS (x64)
		{E492C28F-C074-4E15-822C-77F4D422E3D1}.Debug|TwinCAT OS (x64).Build.0 = Debug|TwinCAT OS (x64)
		{E492C28F-C074-4E15-822C-77F4D422E3D1}.Debug|TwinCAT OS (x64-E).ActiveCfg = Debug|TwinCAT OS (x64-E)
		{E492C28F-C074-4E15-822C-77F4D422E3D1}.Debug|TwinCAT OS (x64-E).Build.0 = Debug|TwinCAT OS (x64-E)
		{E492C28F-C074-4E15-822C-77F4D422E3D1}.Debug|TwinCAT RT (x64).ActiveCfg = Debug|TwinCAT RT (x64)
		{E492C28F-C074-4E15-822C-77F4D422E3D1}.Debug|TwinCAT RT (x64).Build.0 = Debug|TwinCAT RT (x64)
		{E492C28F-C074-4E15-822C-77F4D422E3D1}.Debug|TwinCAT RT (x86).ActiveCfg = Debug|TwinCAT RT (x86)
		{E492C28F-C074-4E15-822C-77F4D422E3D1}.Debug|TwinCAT RT (x86).Build.0 = Debug|TwinCAT RT (x86)
		{E492C28F-C074-4E15-822C-77F4D422E3D1}.Release|TwinCAT OS (ARMV7-A).ActiveCfg = Release|TwinCAT OS (ARMV7-A)
		{E492C28F-C074-4E15-822C-77F4D422E3D1}.Release|TwinCAT OS (ARMV7-A).Build.0 = Release|TwinCAT OS (ARMV7-A)
		{E492C28F-C074-4E15-822C-77F4D422E3D1}.Release|TwinCAT OS (ARMV7-M).ActiveCfg = Release|TwinCAT OS (ARMV7-M)
		{E492C28F-C074-4E15-822C-77F4D422E3D1}.Release|TwinCAT OS (ARMV7-M).Build.0 = Release|TwinCAT OS (ARMV7-M)
		{E492C28F-C074-4E15-822C-77F4D422E3D1}.Release|TwinCAT OS (ARMV8-A).ActiveCfg = Release|TwinCAT OS (ARMV8-A)
		{E492C28F-C074-4E15-822C-77F4D422E3D1}.Release|TwinCAT OS (ARMV8-A).Build.0 = Release|TwinCAT OS (ARMV8-A)
		{E492C28F-C074-4E15-822C-77F4D422E3D1}.Release|TwinCAT OS (x64).ActiveCfg = Release|TwinCAT OS (x64)
		{E492C28F-C074-4E15-822C-77F4D422E3D1}.Release|TwinCAT OS (x64).Build.0 = Release|TwinCAT OS (x64)
		{E492C28F-C074-4E15-822C-77F4D422E3D1}.Release|TwinCAT OS (x64-E).ActiveCfg = Release|TwinCAT OS (x64-E)
		{E492C28F-C074-4E15-822C-77F4D422E3D1}.Release|TwinCAT OS (x64-E).Build.0 = Release|TwinCAT OS (x64-E)
		{E492C28F-C074-4E15-822C-77F4D422E3D1}.Release|TwinCAT RT (x64).ActiveCfg = Release|TwinCAT RT (x64)
		{E492C28F-C074-4E15-822C-77F4D422E3D1}.Release|TwinCAT RT (x64).Build.0 = Release|TwinCAT RT (x64)
		{E492C28F-C074-4E15-822C-77F4D422E3D1}.Release|TwinCAT RT (x86).ActiveCfg = Release|TwinCAT RT (x86)
		{E492C28F-C074-4E15-822C-77F4D422E3D1}.Release|TwinCAT RT (x86).Build.0 = Release|TwinCAT RT (x86)
		{8BAA6805-F2AA-4F70-953A-AE1B3BCBADE1}.Debug|TwinCAT OS (ARMV7-A).ActiveCfg = Debug|TwinCAT OS (ARMV7-A)
		{8BAA6805-F2AA-4F70-953A-AE1B3BCBADE1}.Debug|TwinCAT OS (ARMV7-A).Build.0 = Debug|TwinCAT OS (ARMV7-A)
		{8BAA6805-F2AA-4F70-953A-AE1B3BCBADE1}.Debug|TwinCAT OS (ARMV7-M).ActiveCfg = Debug|TwinCAT OS (ARMV7-M)
		{8BAA6805-F2AA-4F70-953A-AE1B3BCBADE1}.Debug|TwinCAT OS (ARMV7-M).Build.0 = Debug|TwinCAT OS (ARMV7-M)
		{8BAA6805-F2AA-4F70-953A-AE1B3BCBADE1}.Debug|TwinCAT OS (ARMV8-A).ActiveCfg = Debug|TwinCAT OS (ARMV8-A)
		{8BAA6805-F2AA-4F70-953A-AE1B3BCBADE1}.Debug|TwinCAT OS (ARMV8-A).Build.0 = Debug|TwinCAT OS (ARMV8-A)
		{8BAA6805-F2AA-4F70-953A-AE1B3BCBADE1}.Debug|TwinCAT OS (x64).ActiveCfg = Debug|TwinCAT OS (x64)
		{8BAA6805-F2AA-4F70-953A-AE1B3BCBADE1}.Debug|TwinCAT OS (x64).Build.0 = Debug|TwinCAT OS (x64)
		{8BAA6805-F2AA-4F70-953A-AE1B3BCBADE1}.Debug|TwinCAT OS (x64-E).ActiveCfg = Debug|TwinCAT OS (x64-E)
		{8BAA6805-F2AA-4F70-953A-AE1B3BCBADE1}.Debug|TwinCAT OS (x64-E).Build.0 = Debug|TwinCAT OS (x64-E)
		{8BAA6805-F2AA-4F70-953A-AE1B3BCBADE1}.Debug|TwinCAT RT (x64).ActiveCfg = Debug|TwinCAT RT (x64)
		{8BAA6805-F2AA-4F70-953A-AE1B3BCBADE1}.Debug|TwinCAT RT (x64).Build.0 = Debug|TwinCAT RT (x64)
		{8BAA6805-F2AA-4F70-953A-AE1B3BCBADE1}.Debug|TwinCAT RT (x86).ActiveCfg = Debug|TwinCAT RT (x86)
		{8BAA6805-F2AA-4F70-953A-AE1B3BCBADE1}.Debug|TwinCAT RT (x86).Build.0 = Debug|TwinCAT RT (x86)
		{8BAA6805-F2AA-4F70-953A-AE1B3BCBADE1}.Release|TwinCAT OS (ARMV7-A).ActiveCfg = Release|TwinCAT OS (ARMV7-A)
		{8BAA6805-F2AA-4F70-953A-AE1B3BCBADE1}.Release|TwinCAT OS (ARMV7-A).Build.0 = Release|TwinCAT OS (ARMV7-A)
		{8BAA6805-F2AA-4F70-953A-AE1B3BCBADE1}.Release|TwinCAT OS (ARMV7-M).ActiveCfg = Release|TwinCAT OS (ARMV7-M)
		{8BAA6805-F2AA-4F70-953A-AE1B3BCBADE1}.Release|TwinCAT OS (ARMV7-M).Build.0 = Release|TwinCAT OS (ARMV7-M)
		{8BAA6805-F2AA-4F70-953A-AE1B3BCBADE1}.Release|TwinCAT OS (ARMV8-A).ActiveCfg = Release|TwinCAT OS (ARMV8-A)
		{8BAA6805-F2AA-4F70-953A-AE1B3BCBADE1}.Release|TwinCAT OS (ARMV8-A).Build.0 = Release|TwinCAT OS (ARMV8-A)
		{8BAA6805-F2AA-4F70-953A-AE1B3BCBADE1}.Release|TwinCAT OS (x64).ActiveCfg = Release|TwinCAT OS (x64)
		{8BAA6805-F2AA-4F70-953A-AE1B3BCBADE1}.Release|TwinCAT OS (x64).Build.0 = Release|TwinCAT OS (x64)
		{8BAA6805-F2AA-4F70-953A-AE1B3BCBADE1}.Release|TwinCAT OS (x64-E).ActiveCfg = Release|TwinCAT OS (x64-E)
		{8BAA6805-F2AA-4F70-953A-AE1B3BCBADE1}.Release|TwinCAT OS (x64-E).Build.0 = Release|TwinCAT OS (x64-E)
		{8BAA6805-F2AA-4F70-953A-AE1B3BCBADE1}.Release|TwinCAT RT (x64).ActiveCfg = Release|TwinCAT RT (x64)
		{8BAA6805-F2AA-4F70-953A-AE1B3BCBADE1}.Release|TwinCAT RT (x64).Build.0 = Release|TwinCAT RT (x64)
		{8BAA6805-F2AA-4F70-953A-AE1B3BCBADE1}.Release|TwinCAT RT (x86).ActiveCfg = Release|TwinCAT RT (x86)
		{8BAA6805-F2AA-4F70-953A-AE1B3BCBADE1}.Release|TwinCAT RT (x86).Build.0 = Release|TwinCAT RT (x86)
		{FA083CB1-9410-4679-A332-DA8ED0B31CEA}.Debug|TwinCAT OS (ARMV7-A).ActiveCfg = Debug|TwinCAT OS (ARMV7-A)
		{FA083CB1-9410-4679-A332-DA8ED0B31CEA}.Debug|TwinCAT OS (ARMV7-A).Build.0 = Debug|TwinCAT OS (ARMV7-A)
		{FA083CB1-9410-4679-A332-DA8ED0B31CEA}.Debug|TwinCAT OS (ARMV7-M).ActiveCfg = Debug|TwinCAT OS (ARMV7-M)
		{FA083CB1-9410-4679-A332-DA8ED0B31CEA}.Debug|TwinCAT OS (ARMV7-M).Build.0 = Debug|TwinCAT OS (ARMV7-M)
		{FA083CB1-9410-4679-A332-DA8ED0B31CEA}.Debug|TwinCAT OS (ARMV8-A).ActiveCfg = Debug|TwinCAT OS (ARMV8-A)
		{FA083CB1-9410-4679-A332-DA8ED0B31CEA}.Debug|TwinCAT OS (ARMV8-A).Build.0 = Debug|TwinCAT OS (ARMV8-A)
		{FA083CB1-9410-4679-A332-DA8ED0B31CEA}.Debug|TwinCAT OS (x64).ActiveCfg = Debug|TwinCAT OS (x64)
		{FA083CB1-9410-4679-A332-DA8ED0B31CEA}.Debug|TwinCAT OS (x64).Build.0 = Debug|TwinCAT OS (x64)
		{FA083CB1-9410-4679-A332-DA8ED0B31CEA}.Debug|TwinCAT OS (x64-E).ActiveCfg = Debug|TwinCAT OS (x64-E)
		{FA083CB1-9410-4679-A332-DA8ED0B31CEA}.Debug|TwinCAT OS (x64-E).Build.0 = Debug|TwinCAT OS (x64-E)
		{FA083CB1-9410-4679-A332-DA8ED0B31CEA}.Debug|TwinCAT RT (x64).ActiveCfg = Debug|TwinCAT RT (x64)
		{FA083CB1-9410-4679-A332-DA8ED0B31CEA}.Debug|TwinCAT RT (x64).Build.0 = Debug|TwinCAT RT (x64)
		{FA083CB1-9410-4679-A332-DA8ED0B31CEA}.Debug|TwinCAT RT (x86).ActiveCfg = Debug|TwinCAT RT (x86)
		{FA083CB1-9410-4679-A332-DA8ED0B31CEA}.Debug|TwinCAT RT (x86).Build.0 = Debug|TwinCAT RT (x86)
		{FA083CB1-9410-4679-A332-DA8ED0B31CEA}.Release|TwinCAT OS (ARMV7-A).ActiveCfg = Release|TwinCAT OS (ARMV7-A)
		{FA083CB1-9410-4679-A332-DA8ED0B31CEA}.Release|TwinCAT OS (ARMV7-A).Build.0 = Release|TwinCAT OS (ARMV7-A)
		{FA083CB1-9410-4679-A332-DA8ED0B31CEA}.Release|TwinCAT OS (ARMV7-M).ActiveCfg = Release|TwinCAT OS (ARMV7-M)
		{FA083CB1-9410-4679-A332-DA8ED0B31CEA}.Release|TwinCAT OS (ARMV7-M).Build.0 = Release|TwinCAT OS (ARMV7-M)
		{FA083CB1-9410-4679-A332-DA8ED0B31CEA}.Release|TwinCAT OS (ARMV8-A).ActiveCfg = Release|TwinCAT OS (ARMV8-A)
		{FA083CB1-9410-4679-A332-DA8ED0B31CEA}.Release|TwinCAT OS (ARMV8-A).Build.0 = Release|TwinCAT OS (ARMV8-A)
		{FA083CB1-9410-4679-A332-DA8ED0B31CEA}.Release|TwinCAT OS (x64).ActiveCfg = Release|TwinCAT OS (x64)
		{FA083CB1-9410-4679-A332-DA8ED0B31CEA}.Release|TwinCAT OS (x64).Build.0 = Release|TwinCAT OS (x64)
		{FA083CB1-9410-4679-A332-DA8ED0B31CEA}.Release|TwinCAT OS (x64-E).ActiveCfg = Release|TwinCAT OS (x64-E)
		{FA083CB1-9410-4679-A332-DA8ED0B31CEA}.Release|TwinCAT OS (x64-E).Build.0 = Release|TwinCAT OS (x64-E)
		{FA083CB1-9410-4679-A332-DA8ED0B31CEA}.Release|TwinCAT RT (x64).ActiveCfg = Release|TwinCAT RT (x64)
		{FA083CB1-9410-4679-A332-DA8ED0B31CEA}.Release|TwinCAT RT (x64).Build.0 = Release|TwinCAT RT (x64)
		{FA083CB1-9410-4679-A332-DA8ED0B31CEA}.Release|TwinCAT RT (x86).ActiveCfg = Release|TwinCAT RT (x86)
		{FA083CB1-9410-4679-A332-DA8ED0B31CEA}.Release|TwinCAT RT (x86).Build.0 = Release|TwinCAT RT (x86)
		{D6A2BDF5-5DAC-4A20-A81E-AABDA995368D}.Debug|TwinCAT OS (ARMV7-A).ActiveCfg = Debug|TwinCAT OS (ARMV7-A)
		{D6A2BDF5-5DAC-4A20-A81E-AABDA995368D}.Debug|TwinCAT OS (ARMV7-A).Build.0 = Debug|TwinCAT OS (ARMV7-A)
		{D6A2BDF5-5DAC-4A20-A81E-AABDA995368D}.Debug|TwinCAT OS (ARMV7-M).ActiveCfg = Debug|TwinCAT OS (ARMV7-M)
		{D6A2BDF5-5DAC-4A20-A81E-AABDA995368D}.Debug|TwinCAT OS (ARMV7-M).Build.0 = Debug|TwinCAT OS (ARMV7-M)
		{D6A2BDF5-5DAC-4A20-A81E-AABDA995368D}.Debug|TwinCAT OS (ARMV8-A).ActiveCfg = Debug|TwinCAT OS (ARMV8-A)
		{D6A2BDF5-5DAC-4A20-A81E-AABDA995368D}.Debug|TwinCAT OS (ARMV8-A).Build.0 = Debug|TwinCAT OS (ARMV8-A)
		{D6A2BDF5-5DAC-4A20-A81E-AABDA995368D}.Debug|TwinCAT OS (x64).ActiveCfg = Debug|TwinCAT OS (x64)
		{D6A2BDF5-5DAC-4A20-A81E-AABDA995368D}.Debug|TwinCAT OS (x64).Build.0 = Debug|TwinCAT OS (x64)
		{D6A2BDF5-5DAC-4A20-A81E-AABDA995368D}.Debug|TwinCAT OS (x64-E).ActiveCfg = Debug|TwinCAT OS (x64-E)
		{D6A2BDF5-5DAC-4A20-A81E-AABDA995368D}.Debug|TwinCAT OS (x64-E).Build.0 = Debug|TwinCAT OS (x64-E)
		{D6A2BDF5-5DAC-4A20-A81E-AABDA995368D}.Debug|TwinCAT RT (x64).ActiveCfg = Debug|TwinCAT RT (x64)
		{D6A2BDF5-5DAC-4A20-A81E-AABDA995368D}.Debug|TwinCAT RT (x64).Build.0 = Debug|TwinCAT RT (x64)
		{D6A2BDF5-5DAC-4A20-A81E-AABDA995368D}.Debug|TwinCAT RT (x86).ActiveCfg = Debug|TwinCAT RT (x86)
		{D6A2BDF5-5DAC-4A20-A81E-AABDA995368D}.Debug|TwinCAT RT (x86).Build.0 = Debug|TwinCAT RT (x86)
		{D6A2BDF5-5DAC-4A20-A81E-AABDA995368D}.Release|TwinCAT OS (ARMV7-A).ActiveCfg = Release|TwinCAT OS (ARMV7-A)
		{D6A2BDF5-5DAC-4A20-A81E-AABDA995368D}.Release|TwinCAT OS (ARMV7-A).Build.0 = Release|TwinCAT OS (ARMV7-A)
		{D6A2BDF5-5DAC-4A20-A81E-AABDA995368D}.Release|TwinCAT OS (ARMV7-M).ActiveCfg = Release|TwinCAT OS (ARMV7-M)
		{D6A2BDF5-5DAC-4A20-A81E-AABDA995368D}.Release|TwinCAT OS (ARMV7-M).Build.0 = Release|TwinCAT OS (ARMV7-M)
		{D6A2BDF5-5DAC-4A20-A81E-AABDA995368D}.Release|TwinCAT OS (ARMV8-A).ActiveCfg = Release|TwinCAT OS (ARMV8-A)
		{D6A2BDF5-5DAC-4A20-A81E-AABDA995368D}.Release|TwinCAT OS (ARMV8-A).Build.0 = Release|TwinCAT OS (ARMV8-A)
		{D6A2BDF5-5DAC-4A20-A81E-AABDA995368D}.Release|TwinCAT OS (x64).ActiveCfg = Release|TwinCAT OS (x64)
		{D6A2BDF5-5DAC-4A20-A81E-AABDA995368D}.Release|TwinCAT OS (x64).Build.0 = Release|TwinCAT OS (x64)
		{D6A2BDF5-5DAC-4A20-A81E-AABDA995368D}.Release|TwinCAT OS (x64-E).ActiveCfg = Release|TwinCAT OS (x64-E)
		{D6A2BDF5-5DAC-4A20-A81E-AABDA995368D}.Release|TwinCAT OS (x64-E).Build.0 = Release|TwinCAT OS (x64-E)
		{D6A2BDF5-5DAC-4A20-A81E-AABDA995368D}.Release|TwinCAT RT (x64).ActiveCfg = Release|TwinCAT RT (x64)
		{D6A2BDF5-5DAC-4A20-A81E-AABDA995368D}.Release|TwinCAT RT (x64).Build.0 = Release|TwinCAT RT (x64)
		{D6A2BDF5-5DAC-4A20-A81E-AABDA995368D}.Release|TwinCAT RT (x86).ActiveCfg = Release|TwinCAT RT (x86)
		{D6A2BDF5-5DAC-4A20-A81E-AABDA995368D}.Release|TwinCAT RT (x86).Build.0 = Release|TwinCAT RT (x86)
	EndGlobalSection
	GlobalSection(SolutionProperties) = preSolution
		HideSolutionNode = FALSE
	EndGlobalSection
	GlobalSection(ExtensibilityGlobals) = postSolution
		SolutionGuid = {D8883B78-FB92-485B-9D2A-4F598630EDA8}
	EndGlobalSection
EndGlobal
