
Microsoft Visual Studio Solution File, Format Version 12.00
# TcXaeShell Solution File, Format Version 11.00
VisualStudioVersion = 17.10.35827.194
MinimumVisualStudioVersion = 10.0.40219.1
Project("{B1E792BE-AA5F-4E3C-8C82-674BF9C0715B}") = "B3TrafficLight", "B3TrafficLight\B3TrafficLight.tsproj", "{D80D5A52-F85C-4401-BB79-805399F33CA5}"
EndProject
Project("{B1E792BE-AA5F-4E3C-8C82-674BF9C0715B}") = "TrafficLightTests_Tc", "TrafficLightTests_Tc\TrafficLightTests_Tc.tsproj", "{BAE4A537-12BC-4A2C-9BB7-0107DF79FDF9}"
EndProject
Global
	GlobalSection(SolutionConfigurationPlatforms) = preSolution
		Debug|TwinCAT OS (ARMV7-A) = Debug|TwinCAT OS (ARMV7-A)
		Debug|TwinCAT OS (ARMV7-M) = Debug|TwinCAT OS (ARMV7-M)
		Debug|TwinCAT OS (ARMV8-A) = Debug|TwinCAT OS (ARMV8-A)
		Debug|TwinCAT OS (x64) = Debug|TwinCAT OS (x64)
		Debug|TwinCAT OS (x64-E) = Debug|TwinCAT OS (x64-E)
		Debug|TwinCAT RT (x64) = Debug|TwinCAT RT (x64)
		Debug|TwinCAT RT (x86) = Debug|TwinCAT RT (x86)
		Release|TwinCAT OS (ARMV7-A) = Release|TwinCAT OS (ARMV7-A)
		Release|TwinCAT OS (ARMV7-M) = Release|TwinCAT OS (ARMV7-M)
		Release|TwinCAT OS (ARMV8-A) = Release|TwinCAT OS (ARMV8-A)
		Release|TwinCAT OS (x64) = Release|TwinCAT OS (x64)
		Release|TwinCAT OS (x64-E) = Release|TwinCAT OS (x64-E)
		Release|TwinCAT RT (x64) = Release|TwinCAT RT (x64)
		Release|TwinCAT RT (x86) = Release|TwinCAT RT (x86)
	EndGlobalSection
	GlobalSection(ProjectConfigurationPlatforms) = postSolution
		{D80D5A52-F85C-4401-BB79-805399F33CA5}.Debug|TwinCAT OS (ARMV7-A).ActiveCfg = Debug|TwinCAT OS (ARMV7-A)
		{D80D5A52-F85C-4401-BB79-805399F33CA5}.Debug|TwinCAT OS (ARMV7-A).Build.0 = Debug|TwinCAT OS (ARMV7-A)
		{D80D5A52-F85C-4401-BB79-805399F33CA5}.Debug|TwinCAT OS (ARMV7-M).ActiveCfg = Debug|TwinCAT OS (ARMV7-M)
		{D80D5A52-F85C-4401-BB79-805399F33CA5}.Debug|TwinCAT OS (ARMV7-M).Build.0 = Debug|TwinCAT OS (ARMV7-M)
		{D80D5A52-F85C-4401-BB79-805399F33CA5}.Debug|TwinCAT OS (ARMV8-A).ActiveCfg = Debug|TwinCAT OS (ARMV8-A)
		{D80D5A52-F85C-4401-BB79-805399F33CA5}.Debug|TwinCAT OS (ARMV8-A).Build.0 = Debug|TwinCAT OS (ARMV8-A)
		{D80D5A52-F85C-4401-BB79-805399F33CA5}.Debug|TwinCAT OS (x64).ActiveCfg = Debug|TwinCAT OS (x64)
		{D80D5A52-F85C-4401-BB79-805399F33CA5}.Debug|TwinCAT OS (x64).Build.0 = Debug|TwinCAT OS (x64)
		{D80D5A52-F85C-4401-BB79-805399F33CA5}.Debug|TwinCAT OS (x64-E).ActiveCfg = Debug|TwinCAT OS (x64-E)
		{D80D5A52-F85C-4401-BB79-805399F33CA5}.Debug|TwinCAT OS (x64-E).Build.0 = Debug|TwinCAT OS (x64-E)
		{D80D5A52-F85C-4401-BB79-805399F33CA5}.Debug|TwinCAT RT (x64).ActiveCfg = Debug|TwinCAT RT (x64)
		{D80D5A52-F85C-4401-BB79-805399F33CA5}.Debug|TwinCAT RT (x64).Build.0 = Debug|TwinCAT RT (x64)
		{D80D5A52-F85C-4401-BB79-805399F33CA5}.Debug|TwinCAT RT (x86).ActiveCfg = Debug|TwinCAT RT (x86)
		{D80D5A52-F85C-4401-BB79-805399F33CA5}.Debug|TwinCAT RT (x86).Build.0 = Debug|TwinCAT RT (x86)
		{D80D5A52-F85C-4401-BB79-805399F33CA5}.Release|TwinCAT OS (ARMV7-A).ActiveCfg = Release|TwinCAT OS (ARMV7-A)
		{D80D5A52-F85C-4401-BB79-805399F33CA5}.Release|TwinCAT OS (ARMV7-A).Build.0 = Release|TwinCAT OS (ARMV7-A)
		{D80D5A52-F85C-4401-BB79-805399F33CA5}.Release|TwinCAT OS (ARMV7-M).ActiveCfg = Release|TwinCAT OS (ARMV7-M)
		{D80D5A52-F85C-4401-BB79-805399F33CA5}.Release|TwinCAT OS (ARMV7-M).Build.0 = Release|TwinCAT OS (ARMV7-M)
		{D80D5A52-F85C-4401-BB79-805399F33CA5}.Release|TwinCAT OS (ARMV8-A).ActiveCfg = Release|TwinCAT OS (ARMV8-A)
		{D80D5A52-F85C-4401-BB79-805399F33CA5}.Release|TwinCAT OS (ARMV8-A).Build.0 = Release|TwinCAT OS (ARMV8-A)
		{D80D5A52-F85C-4401-BB79-805399F33CA5}.Release|TwinCAT OS (x64).ActiveCfg = Release|TwinCAT OS (x64)
		{D80D5A52-F85C-4401-BB79-805399F33CA5}.Release|TwinCAT OS (x64).Build.0 = Release|TwinCAT OS (x64)
		{D80D5A52-F85C-4401-BB79-805399F33CA5}.Release|TwinCAT OS (x64-E).ActiveCfg = Release|TwinCAT OS (x64-E)
		{D80D5A52-F85C-4401-BB79-805399F33CA5}.Release|TwinCAT OS (x64-E).Build.0 = Release|TwinCAT OS (x64-E)
		{D80D5A52-F85C-4401-BB79-805399F33CA5}.Release|TwinCAT RT (x64).ActiveCfg = Release|TwinCAT RT (x64)
		{D80D5A52-F85C-4401-BB79-805399F33CA5}.Release|TwinCAT RT (x64).Build.0 = Release|TwinCAT RT (x64)
		{D80D5A52-F85C-4401-BB79-805399F33CA5}.Release|TwinCAT RT (x86).ActiveCfg = Release|TwinCAT RT (x86)
		{D80D5A52-F85C-4401-BB79-805399F33CA5}.Release|TwinCAT RT (x86).Build.0 = Release|TwinCAT RT (x86)
		{CBBB0FB9-385F-49E0-9985-91742E303B5C}.Debug|TwinCAT OS (ARMV7-A).ActiveCfg = Debug|TwinCAT OS (ARMV7-A)
		{CBBB0FB9-385F-49E0-9985-91742E303B5C}.Debug|TwinCAT OS (ARMV7-A).Build.0 = Debug|TwinCAT OS (ARMV7-A)
		{CBBB0FB9-385F-49E0-9985-91742E303B5C}.Debug|TwinCAT OS (ARMV7-M).ActiveCfg = Debug|TwinCAT OS (ARMV7-M)
		{CBBB0FB9-385F-49E0-9985-91742E303B5C}.Debug|TwinCAT OS (ARMV7-M).Build.0 = Debug|TwinCAT OS (ARMV7-M)
		{CBBB0FB9-385F-49E0-9985-91742E303B5C}.Debug|TwinCAT OS (ARMV8-A).ActiveCfg = Debug|TwinCAT OS (ARMV8-A)
		{CBBB0FB9-385F-49E0-9985-91742E303B5C}.Debug|TwinCAT OS (ARMV8-A).Build.0 = Debug|TwinCAT OS (ARMV8-A)
		{CBBB0FB9-385F-49E0-9985-91742E303B5C}.Debug|TwinCAT OS (x64).ActiveCfg = Debug|TwinCAT OS (x64)
		{CBBB0FB9-385F-49E0-9985-91742E303B5C}.Debug|TwinCAT OS (x64).Build.0 = Debug|TwinCAT OS (x64)
		{CBBB0FB9-385F-49E0-9985-91742E303B5C}.Debug|TwinCAT OS (x64-E).ActiveCfg = Debug|TwinCAT OS (x64-E)
		{CBBB0FB9-385F-49E0-9985-91742E303B5C}.Debug|TwinCAT OS (x64-E).Build.0 = Debug|TwinCAT OS (x64-E)
		{CBBB0FB9-385F-49E0-9985-91742E303B5C}.Debug|TwinCAT RT (x64).ActiveCfg = Debug|TwinCAT RT (x64)
		{CBBB0FB9-385F-49E0-9985-91742E303B5C}.Debug|TwinCAT RT (x64).Build.0 = Debug|TwinCAT RT (x64)
		{CBBB0FB9-385F-49E0-9985-91742E303B5C}.Debug|TwinCAT RT (x86).ActiveCfg = Debug|TwinCAT RT (x86)
		{CBBB0FB9-385F-49E0-9985-91742E303B5C}.Debug|TwinCAT RT (x86).Build.0 = Debug|TwinCAT RT (x86)
		{CBBB0FB9-385F-49E0-9985-91742E303B5C}.Release|TwinCAT OS (ARMV7-A).ActiveCfg = Release|TwinCAT OS (ARMV7-A)
		{CBBB0FB9-385F-49E0-9985-91742E303B5C}.Release|TwinCAT OS (ARMV7-A).Build.0 = Release|TwinCAT OS (ARMV7-A)
		{CBBB0FB9-385F-49E0-9985-91742E303B5C}.Release|TwinCAT OS (ARMV7-M).ActiveCfg = Release|TwinCAT OS (ARMV7-M)
		{CBBB0FB9-385F-49E0-9985-91742E303B5C}.Release|TwinCAT OS (ARMV7-M).Build.0 = Release|TwinCAT OS (ARMV7-M)
		{CBBB0FB9-385F-49E0-9985-91742E303B5C}.Release|TwinCAT OS (ARMV8-A).ActiveCfg = Release|TwinCAT OS (ARMV8-A)
		{CBBB0FB9-385F-49E0-9985-91742E303B5C}.Release|TwinCAT OS (ARMV8-A).Build.0 = Release|TwinCAT OS (ARMV8-A)
		{CBBB0FB9-385F-49E0-9985-91742E303B5C}.Release|TwinCAT OS (x64).ActiveCfg = Release|TwinCAT OS (x64)
		{CBBB0FB9-385F-49E0-9985-91742E303B5C}.Release|TwinCAT OS (x64).Build.0 = Release|TwinCAT OS (x64)
		{CBBB0FB9-385F-49E0-9985-91742E303B5C}.Release|TwinCAT OS (x64-E).ActiveCfg = Release|TwinCAT OS (x64-E)
		{CBBB0FB9-385F-49E0-9985-91742E303B5C}.Release|TwinCAT OS (x64-E).Build.0 = Release|TwinCAT OS (x64-E)
		{CBBB0FB9-385F-49E0-9985-91742E303B5C}.Release|TwinCAT RT (x64).ActiveCfg = Release|TwinCAT RT (x64)
		{CBBB0FB9-385F-49E0-9985-91742E303B5C}.Release|TwinCAT RT (x64).Build.0 = Release|TwinCAT RT (x64)
		{CBBB0FB9-385F-49E0-9985-91742E303B5C}.Release|TwinCAT RT (x86).ActiveCfg = Release|TwinCAT RT (x86)
		{CBBB0FB9-385F-49E0-9985-91742E303B5C}.Release|TwinCAT RT (x86).Build.0 = Release|TwinCAT RT (x86)
		{BAE4A537-12BC-4A2C-9BB7-0107DF79FDF9}.Debug|TwinCAT OS (ARMV7-A).ActiveCfg = Debug|TwinCAT OS (ARMV7-A)
		{BAE4A537-12BC-4A2C-9BB7-0107DF79FDF9}.Debug|TwinCAT OS (ARMV7-A).Build.0 = Debug|TwinCAT OS (ARMV7-A)
		{BAE4A537-12BC-4A2C-9BB7-0107DF79FDF9}.Debug|TwinCAT OS (ARMV7-M).ActiveCfg = Debug|TwinCAT OS (ARMV7-M)
		{BAE4A537-12BC-4A2C-9BB7-0107DF79FDF9}.Debug|TwinCAT OS (ARMV7-M).Build.0 = Debug|TwinCAT OS (ARMV7-M)
		{BAE4A537-12BC-4A2C-9BB7-0107DF79FDF9}.Debug|TwinCAT OS (ARMV8-A).ActiveCfg = Debug|TwinCAT OS (ARMV8-A)
		{BAE4A537-12BC-4A2C-9BB7-0107DF79FDF9}.Debug|TwinCAT OS (ARMV8-A).Build.0 = Debug|TwinCAT OS (ARMV8-A)
		{BAE4A537-12BC-4A2C-9BB7-0107DF79FDF9}.Debug|TwinCAT OS (x64).ActiveCfg = Debug|TwinCAT OS (x64)
		{BAE4A537-12BC-4A2C-9BB7-0107DF79FDF9}.Debug|TwinCAT OS (x64).Build.0 = Debug|TwinCAT OS (x64)
		{BAE4A537-12BC-4A2C-9BB7-0107DF79FDF9}.Debug|TwinCAT OS (x64-E).ActiveCfg = Debug|TwinCAT OS (x64-E)
		{BAE4A537-12BC-4A2C-9BB7-0107DF79FDF9}.Debug|TwinCAT OS (x64-E).Build.0 = Debug|TwinCAT OS (x64-E)
		{BAE4A537-12BC-4A2C-9BB7-0107DF79FDF9}.Debug|TwinCAT RT (x64).ActiveCfg = Debug|TwinCAT RT (x64)
		{BAE4A537-12BC-4A2C-9BB7-0107DF79FDF9}.Debug|TwinCAT RT (x64).Build.0 = Debug|TwinCAT RT (x64)
		{BAE4A537-12BC-4A2C-9BB7-0107DF79FDF9}.Debug|TwinCAT RT (x86).ActiveCfg = Debug|TwinCAT RT (x86)
		{BAE4A537-12BC-4A2C-9BB7-0107DF79FDF9}.Debug|TwinCAT RT (x86).Build.0 = Debug|TwinCAT RT (x86)
		{BAE4A537-12BC-4A2C-9BB7-0107DF79FDF9}.Release|TwinCAT OS (ARMV7-A).ActiveCfg = Release|TwinCAT OS (ARMV7-A)
		{BAE4A537-12BC-4A2C-9BB7-0107DF79FDF9}.Release|TwinCAT OS (ARMV7-A).Build.0 = Release|TwinCAT OS (ARMV7-A)
		{BAE4A537-12BC-4A2C-9BB7-0107DF79FDF9}.Release|TwinCAT OS (ARMV7-M).ActiveCfg = Release|TwinCAT OS (ARMV7-M)
		{BAE4A537-12BC-4A2C-9BB7-0107DF79FDF9}.Release|TwinCAT OS (ARMV7-M).Build.0 = Release|TwinCAT OS (ARMV7-M)
		{BAE4A537-12BC-4A2C-9BB7-0107DF79FDF9}.Release|TwinCAT OS (ARMV8-A).ActiveCfg = Release|TwinCAT OS (ARMV8-A)
		{BAE4A537-12BC-4A2C-9BB7-0107DF79FDF9}.Release|TwinCAT OS (ARMV8-A).Build.0 = Release|TwinCAT OS (ARMV8-A)
		{BAE4A537-12BC-4A2C-9BB7-0107DF79FDF9}.Release|TwinCAT OS (x64).ActiveCfg = Release|TwinCAT OS (x64)
		{BAE4A537-12BC-4A2C-9BB7-0107DF79FDF9}.Release|TwinCAT OS (x64).Build.0 = Release|TwinCAT OS (x64)
		{BAE4A537-12BC-4A2C-9BB7-0107DF79FDF9}.Release|TwinCAT OS (x64-E).ActiveCfg = Release|TwinCAT OS (x64-E)
		{BAE4A537-12BC-4A2C-9BB7-0107DF79FDF9}.Release|TwinCAT OS (x64-E).Build.0 = Release|TwinCAT OS (x64-E)
		{BAE4A537-12BC-4A2C-9BB7-0107DF79FDF9}.Release|TwinCAT RT (x64).ActiveCfg = Release|TwinCAT RT (x64)
		{BAE4A537-12BC-4A2C-9BB7-0107DF79FDF9}.Release|TwinCAT RT (x64).Build.0 = Release|TwinCAT RT (x64)
		{BAE4A537-12BC-4A2C-9BB7-0107DF79FDF9}.Release|TwinCAT RT (x86).ActiveCfg = Release|TwinCAT RT (x86)
		{BAE4A537-12BC-4A2C-9BB7-0107DF79FDF9}.Release|TwinCAT RT (x86).Build.0 = Release|TwinCAT RT (x86)
		{2E3417FF-4F05-44B6-95E6-9F169DBDAE74}.Debug|TwinCAT OS (ARMV7-A).ActiveCfg = Debug|TwinCAT OS (ARMV7-A)
		{2E3417FF-4F05-44B6-95E6-9F169DBDAE74}.Debug|TwinCAT OS (ARMV7-A).Build.0 = Debug|TwinCAT OS (ARMV7-A)
		{2E3417FF-4F05-44B6-95E6-9F169DBDAE74}.Debug|TwinCAT OS (ARMV7-M).ActiveCfg = Debug|TwinCAT OS (ARMV7-M)
		{2E3417FF-4F05-44B6-95E6-9F169DBDAE74}.Debug|TwinCAT OS (ARMV7-M).Build.0 = Debug|TwinCAT OS (ARMV7-M)
		{2E3417FF-4F05-44B6-95E6-9F169DBDAE74}.Debug|TwinCAT OS (ARMV8-A).ActiveCfg = Debug|TwinCAT OS (ARMV8-A)
		{2E3417FF-4F05-44B6-95E6-9F169DBDAE74}.Debug|TwinCAT OS (ARMV8-A).Build.0 = Debug|TwinCAT OS (ARMV8-A)
		{2E3417FF-4F05-44B6-95E6-9F169DBDAE74}.Debug|TwinCAT OS (x64).ActiveCfg = Debug|TwinCAT OS (x64)
		{2E3417FF-4F05-44B6-95E6-9F169DBDAE74}.Debug|TwinCAT OS (x64).Build.0 = Debug|TwinCAT OS (x64)
		{2E3417FF-4F05-44B6-95E6-9F169DBDAE74}.Debug|TwinCAT OS (x64-E).ActiveCfg = Debug|TwinCAT OS (x64-E)
		{2E3417FF-4F05-44B6-95E6-9F169DBDAE74}.Debug|TwinCAT OS (x64-E).Build.0 = Debug|TwinCAT OS (x64-E)
		{2E3417FF-4F05-44B6-95E6-9F169DBDAE74}.Debug|TwinCAT RT (x64).ActiveCfg = Debug|TwinCAT RT (x64)
		{2E3417FF-4F05-44B6-95E6-9F169DBDAE74}.Debug|TwinCAT RT (x64).Build.0 = Debug|TwinCAT RT (x64)
		{2E3417FF-4F05-44B6-95E6-9F169DBDAE74}.Debug|TwinCAT RT (x86).ActiveCfg = Debug|TwinCAT RT (x86)
		{2E3417FF-4F05-44B6-95E6-9F169DBDAE74}.Debug|TwinCAT RT (x86).Build.0 = Debug|TwinCAT RT (x86)
		{2E3417FF-4F05-44B6-95E6-9F169DBDAE74}.Release|TwinCAT OS (ARMV7-A).ActiveCfg = Release|TwinCAT OS (ARMV7-A)
		{2E3417FF-4F05-44B6-95E6-9F169DBDAE74}.Release|TwinCAT OS (ARMV7-A).Build.0 = Release|TwinCAT OS (ARMV7-A)
		{2E3417FF-4F05-44B6-95E6-9F169DBDAE74}.Release|TwinCAT OS (ARMV7-M).ActiveCfg = Release|TwinCAT OS (ARMV7-M)
		{2E3417FF-4F05-44B6-95E6-9F169DBDAE74}.Release|TwinCAT OS (ARMV7-M).Build.0 = Release|TwinCAT OS (ARMV7-M)
		{2E3417FF-4F05-44B6-95E6-9F169DBDAE74}.Release|TwinCAT OS (ARMV8-A).ActiveCfg = Release|TwinCAT OS (ARMV8-A)
		{2E3417FF-4F05-44B6-95E6-9F169DBDAE74}.Release|TwinCAT OS (ARMV8-A).Build.0 = Release|TwinCAT OS (ARMV8-A)
		{2E3417FF-4F05-44B6-95E6-9F169DBDAE74}.Release|TwinCAT OS (x64).ActiveCfg = Release|TwinCAT OS (x64)
		{2E3417FF-4F05-44B6-95E6-9F169DBDAE74}.Release|TwinCAT OS (x64).Build.0 = Release|TwinCAT OS (x64)
		{2E3417FF-4F05-44B6-95E6-9F169DBDAE74}.Release|TwinCAT OS (x64-E).ActiveCfg = Release|TwinCAT OS (x64-E)
		{2E3417FF-4F05-44B6-95E6-9F169DBDAE74}.Release|TwinCAT OS (x64-E).Build.0 = Release|TwinCAT OS (x64-E)
		{2E3417FF-4F05-44B6-95E6-9F169DBDAE74}.Release|TwinCAT RT (x64).ActiveCfg = Release|TwinCAT RT (x64)
		{2E3417FF-4F05-44B6-95E6-9F169DBDAE74}.Release|TwinCAT RT (x64).Build.0 = Release|TwinCAT RT (x64)
		{2E3417FF-4F05-44B6-95E6-9F169DBDAE74}.Release|TwinCAT RT (x86).ActiveCfg = Release|TwinCAT RT (x86)
		{2E3417FF-4F05-44B6-95E6-9F169DBDAE74}.Release|TwinCAT RT (x86).Build.0 = Release|TwinCAT RT (x86)
	EndGlobalSection
	GlobalSection(SolutionProperties) = preSolution
		HideSolutionNode = FALSE
	EndGlobalSection
	GlobalSection(ExtensibilityGlobals) = postSolution
		SolutionGuid = {ADEAFCCA-CCDE-471E-90BA-B710E9C41EC0}
	EndGlobalSection
EndGlobal
