
Microsoft Visual Studio Solution File, Format Version 12.00
# TcXaeShell Solution File, Format Version 11.00
VisualStudioVersion = 17.10.35827.194
MinimumVisualStudioVersion = 10.0.40219.1
Project("{DFBE7525-6864-4E62-8B2E-D530D69D9D96}") = "B4Pipeline", "B4Pipeline.tspproj", "{D8849471-27BD-464B-A6BF-46B6ED4A607D}"
EndProject
Global
	GlobalSection(SolutionConfigurationPlatforms) = preSolution
		Debug|TwinCAT OS (ARMV7-A) = Debug|TwinCAT OS (ARMV7-A)
		Debug|TwinCAT OS (ARMV7-M) = Debug|TwinCAT OS (ARMV7-M)
		Debug|TwinCAT OS (ARMV8-A) = Debug|TwinCAT OS (ARMV8-A)
		Debug|TwinCAT OS (x64) = Debug|TwinCAT OS (x64)
		Debug|TwinCAT OS (x64-E) = Debug|TwinCAT OS (x64-E)
		Debug|TwinCAT RT (x64) = Debug|TwinCAT RT (x64)
		Debug|TwinCAT RT (x86) = Debug|TwinCAT RT (x86)
		Release|TwinCAT OS (ARMV7-A) = Release|TwinCAT OS (ARMV7-A)
		Release|TwinCAT OS (ARMV7-M) = Release|TwinCAT OS (ARMV7-M)
		Release|TwinCAT OS (ARMV8-A) = Release|TwinCAT OS (ARMV8-A)
		Release|TwinCAT OS (x64) = Release|TwinCAT OS (x64)
		Release|TwinCAT OS (x64-E) = Release|TwinCAT OS (x64-E)
		Release|TwinCAT RT (x64) = Release|TwinCAT RT (x64)
		Release|TwinCAT RT (x86) = Release|TwinCAT RT (x86)
	EndGlobalSection
	GlobalSection(ProjectConfigurationPlatforms) = postSolution
		{D8849471-27BD-464B-A6BF-46B6ED4A607D}.Debug|TwinCAT OS (ARMV7-A).ActiveCfg = Debug|TwinCAT OS (ARMV7-A)
		{D8849471-27BD-464B-A6BF-46B6ED4A607D}.Debug|TwinCAT OS (ARMV7-A).Build.0 = Debug|TwinCAT OS (ARMV7-A)
		{D8849471-27BD-464B-A6BF-46B6ED4A607D}.Debug|TwinCAT OS (ARMV7-M).ActiveCfg = Debug|TwinCAT OS (ARMV7-M)
		{D8849471-27BD-464B-A6BF-46B6ED4A607D}.Debug|TwinCAT OS (ARMV7-M).Build.0 = Debug|TwinCAT OS (ARMV7-M)
		{D8849471-27BD-464B-A6BF-46B6ED4A607D}.Debug|TwinCAT OS (ARMV8-A).ActiveCfg = Debug|TwinCAT OS (ARMV8-A)
		{D8849471-27BD-464B-A6BF-46B6ED4A607D}.Debug|TwinCAT OS (ARMV8-A).Build.0 = Debug|TwinCAT OS (ARMV8-A)
		{D8849471-27BD-464B-A6BF-46B6ED4A607D}.Debug|TwinCAT OS (x64).ActiveCfg = Debug|TwinCAT OS (x64)
		{D8849471-27BD-464B-A6BF-46B6ED4A607D}.Debug|TwinCAT OS (x64).Build.0 = Debug|TwinCAT OS (x64)
		{D8849471-27BD-464B-A6BF-46B6ED4A607D}.Debug|TwinCAT OS (x64-E).ActiveCfg = Debug|TwinCAT OS (x64-E)
		{D8849471-27BD-464B-A6BF-46B6ED4A607D}.Debug|TwinCAT OS (x64-E).Build.0 = Debug|TwinCAT OS (x64-E)
		{D8849471-27BD-464B-A6BF-46B6ED4A607D}.Debug|TwinCAT RT (x64).ActiveCfg = Debug|TwinCAT RT (x64)
		{D8849471-27BD-464B-A6BF-46B6ED4A607D}.Debug|TwinCAT RT (x64).Build.0 = Debug|TwinCAT RT (x64)
		{D8849471-27BD-464B-A6BF-46B6ED4A607D}.Debug|TwinCAT RT (x86).ActiveCfg = Debug|TwinCAT RT (x86)
		{D8849471-27BD-464B-A6BF-46B6ED4A607D}.Debug|TwinCAT RT (x86).Build.0 = Debug|TwinCAT RT (x86)
		{D8849471-27BD-464B-A6BF-46B6ED4A607D}.Release|TwinCAT OS (ARMV7-A).ActiveCfg = Release|TwinCAT OS (ARMV7-A)
		{D8849471-27BD-464B-A6BF-46B6ED4A607D}.Release|TwinCAT OS (ARMV7-A).Build.0 = Release|TwinCAT OS (ARMV7-A)
		{D8849471-27BD-464B-A6BF-46B6ED4A607D}.Release|TwinCAT OS (ARMV7-M).ActiveCfg = Release|TwinCAT OS (ARMV7-M)
		{D8849471-27BD-464B-A6BF-46B6ED4A607D}.Release|TwinCAT OS (ARMV7-M).Build.0 = Release|TwinCAT OS (ARMV7-M)
		{D8849471-27BD-464B-A6BF-46B6ED4A607D}.Release|TwinCAT OS (ARMV8-A).ActiveCfg = Release|TwinCAT OS (ARMV8-A)
		{D8849471-27BD-464B-A6BF-46B6ED4A607D}.Release|TwinCAT OS (ARMV8-A).Build.0 = Release|TwinCAT OS (ARMV8-A)
		{D8849471-27BD-464B-A6BF-46B6ED4A607D}.Release|TwinCAT OS (x64).ActiveCfg = Release|TwinCAT OS (x64)
		{D8849471-27BD-464B-A6BF-46B6ED4A607D}.Release|TwinCAT OS (x64).Build.0 = Release|TwinCAT OS (x64)
		{D8849471-27BD-464B-A6BF-46B6ED4A607D}.Release|TwinCAT OS (x64-E).ActiveCfg = Release|TwinCAT OS (x64-E)
		{D8849471-27BD-464B-A6BF-46B6ED4A607D}.Release|TwinCAT OS (x64-E).Build.0 = Release|TwinCAT OS (x64-E)
		{D8849471-27BD-464B-A6BF-46B6ED4A607D}.Release|TwinCAT RT (x64).ActiveCfg = Release|TwinCAT RT (x64)
		{D8849471-27BD-464B-A6BF-46B6ED4A607D}.Release|TwinCAT RT (x64).Build.0 = Release|TwinCAT RT (x64)
		{D8849471-27BD-464B-A6BF-46B6ED4A607D}.Release|TwinCAT RT (x86).ActiveCfg = Release|TwinCAT RT (x86)
		{D8849471-27BD-464B-A6BF-46B6ED4A607D}.Release|TwinCAT RT (x86).Build.0 = Release|TwinCAT RT (x86)
		{755D75E7-B489-4BC8-9887-8ACD85449655}.Debug|TwinCAT OS (ARMV7-A).ActiveCfg = Debug|TwinCAT OS (ARMV7-A)
		{755D75E7-B489-4BC8-9887-8ACD85449655}.Debug|TwinCAT OS (ARMV7-A).Build.0 = Debug|TwinCAT OS (ARMV7-A)
		{755D75E7-B489-4BC8-9887-8ACD85449655}.Debug|TwinCAT OS (ARMV7-M).ActiveCfg = Debug|TwinCAT OS (ARMV7-M)
		{755D75E7-B489-4BC8-9887-8ACD85449655}.Debug|TwinCAT OS (ARMV7-M).Build.0 = Debug|TwinCAT OS (ARMV7-M)
		{755D75E7-B489-4BC8-9887-8ACD85449655}.Debug|TwinCAT OS (ARMV8-A).ActiveCfg = Debug|TwinCAT OS (ARMV8-A)
		{755D75E7-B489-4BC8-9887-8ACD85449655}.Debug|TwinCAT OS (ARMV8-A).Build.0 = Debug|TwinCAT OS (ARMV8-A)
		{755D75E7-B489-4BC8-9887-8ACD85449655}.Debug|TwinCAT OS (x64).ActiveCfg = Debug|TwinCAT OS (x64)
		{755D75E7-B489-4BC8-9887-8ACD85449655}.Debug|TwinCAT OS (x64).Build.0 = Debug|TwinCAT OS (x64)
		{755D75E7-B489-4BC8-9887-8ACD85449655}.Debug|TwinCAT OS (x64-E).ActiveCfg = Debug|TwinCAT OS (x64-E)
		{755D75E7-B489-4BC8-9887-8ACD85449655}.Debug|TwinCAT OS (x64-E).Build.0 = Debug|TwinCAT OS (x64-E)
		{755D75E7-B489-4BC8-9887-8ACD85449655}.Debug|TwinCAT RT (x64).ActiveCfg = Debug|TwinCAT RT (x64)
		{755D75E7-B489-4BC8-9887-8ACD85449655}.Debug|TwinCAT RT (x64).Build.0 = Debug|TwinCAT RT (x64)
		{755D75E7-B489-4BC8-9887-8ACD85449655}.Debug|TwinCAT RT (x86).ActiveCfg = Debug|TwinCAT RT (x86)
		{755D75E7-B489-4BC8-9887-8ACD85449655}.Debug|TwinCAT RT (x86).Build.0 = Debug|TwinCAT RT (x86)
		{755D75E7-B489-4BC8-9887-8ACD85449655}.Release|TwinCAT OS (ARMV7-A).ActiveCfg = Release|TwinCAT OS (ARMV7-A)
		{755D75E7-B489-4BC8-9887-8ACD85449655}.Release|TwinCAT OS (ARMV7-A).Build.0 = Release|TwinCAT OS (ARMV7-A)
		{755D75E7-B489-4BC8-9887-8ACD85449655}.Release|TwinCAT OS (ARMV7-M).ActiveCfg = Release|TwinCAT OS (ARMV7-M)
		{755D75E7-B489-4BC8-9887-8ACD85449655}.Release|TwinCAT OS (ARMV7-M).Build.0 = Release|TwinCAT OS (ARMV7-M)
		{755D75E7-B489-4BC8-9887-8ACD85449655}.Release|TwinCAT OS (ARMV8-A).ActiveCfg = Release|TwinCAT OS (ARMV8-A)
		{755D75E7-B489-4BC8-9887-8ACD85449655}.Release|TwinCAT OS (ARMV8-A).Build.0 = Release|TwinCAT OS (ARMV8-A)
		{755D75E7-B489-4BC8-9887-8ACD85449655}.Release|TwinCAT OS (x64).ActiveCfg = Release|TwinCAT OS (x64)
		{755D75E7-B489-4BC8-9887-8ACD85449655}.Release|TwinCAT OS (x64).Build.0 = Release|TwinCAT OS (x64)
		{755D75E7-B489-4BC8-9887-8ACD85449655}.Release|TwinCAT OS (x64-E).ActiveCfg = Release|TwinCAT OS (x64-E)
		{755D75E7-B489-4BC8-9887-8ACD85449655}.Release|TwinCAT OS (x64-E).Build.0 = Release|TwinCAT OS (x64-E)
		{755D75E7-B489-4BC8-9887-8ACD85449655}.Release|TwinCAT RT (x64).ActiveCfg = Release|TwinCAT RT (x64)
		{755D75E7-B489-4BC8-9887-8ACD85449655}.Release|TwinCAT RT (x64).Build.0 = Release|TwinCAT RT (x64)
		{755D75E7-B489-4BC8-9887-8ACD85449655}.Release|TwinCAT RT (x86).ActiveCfg = Release|TwinCAT RT (x86)
		{755D75E7-B489-4BC8-9887-8ACD85449655}.Release|TwinCAT RT (x86).Build.0 = Release|TwinCAT RT (x86)
		{EFE31A9A-B21B-4418-9BC1-A57F19FFA43D}.Debug|TwinCAT OS (ARMV7-A).ActiveCfg = Debug|TwinCAT OS (ARMV7-A)
		{EFE31A9A-B21B-4418-9BC1-A57F19FFA43D}.Debug|TwinCAT OS (ARMV7-A).Build.0 = Debug|TwinCAT OS (ARMV7-A)
		{EFE31A9A-B21B-4418-9BC1-A57F19FFA43D}.Debug|TwinCAT OS (ARMV7-M).ActiveCfg = Debug|TwinCAT OS (ARMV7-M)
		{EFE31A9A-B21B-4418-9BC1-A57F19FFA43D}.Debug|TwinCAT OS (ARMV7-M).Build.0 = Debug|TwinCAT OS (ARMV7-M)
		{EFE31A9A-B21B-4418-9BC1-A57F19FFA43D}.Debug|TwinCAT OS (ARMV8-A).ActiveCfg = Debug|TwinCAT OS (ARMV8-A)
		{EFE31A9A-B21B-4418-9BC1-A57F19FFA43D}.Debug|TwinCAT OS (ARMV8-A).Build.0 = Debug|TwinCAT OS (ARMV8-A)
		{EFE31A9A-B21B-4418-9BC1-A57F19FFA43D}.Debug|TwinCAT OS (x64).ActiveCfg = Debug|TwinCAT OS (x64)
		{EFE31A9A-B21B-4418-9BC1-A57F19FFA43D}.Debug|TwinCAT OS (x64).Build.0 = Debug|TwinCAT OS (x64)
		{EFE31A9A-B21B-4418-9BC1-A57F19FFA43D}.Debug|TwinCAT OS (x64-E).ActiveCfg = Debug|TwinCAT OS (x64-E)
		{EFE31A9A-B21B-4418-9BC1-A57F19FFA43D}.Debug|TwinCAT OS (x64-E).Build.0 = Debug|TwinCAT OS (x64-E)
		{EFE31A9A-B21B-4418-9BC1-A57F19FFA43D}.Debug|TwinCAT RT (x64).ActiveCfg = Debug|TwinCAT RT (x64)
		{EFE31A9A-B21B-4418-9BC1-A57F19FFA43D}.Debug|TwinCAT RT (x64).Build.0 = Debug|TwinCAT RT (x64)
		{EFE31A9A-B21B-4418-9BC1-A57F19FFA43D}.Debug|TwinCAT RT (x86).ActiveCfg = Debug|TwinCAT RT (x86)
		{EFE31A9A-B21B-4418-9BC1-A57F19FFA43D}.Debug|TwinCAT RT (x86).Build.0 = Debug|TwinCAT RT (x86)
		{EFE31A9A-B21B-4418-9BC1-A57F19FFA43D}.Release|TwinCAT OS (ARMV7-A).ActiveCfg = Release|TwinCAT OS (ARMV7-A)
		{EFE31A9A-B21B-4418-9BC1-A57F19FFA43D}.Release|TwinCAT OS (ARMV7-A).Build.0 = Release|TwinCAT OS (ARMV7-A)
		{EFE31A9A-B21B-4418-9BC1-A57F19FFA43D}.Release|TwinCAT OS (ARMV7-M).ActiveCfg = Release|TwinCAT OS (ARMV7-M)
		{EFE31A9A-B21B-4418-9BC1-A57F19FFA43D}.Release|TwinCAT OS (ARMV7-M).Build.0 = Release|TwinCAT OS (ARMV7-M)
		{EFE31A9A-B21B-4418-9BC1-A57F19FFA43D}.Release|TwinCAT OS (ARMV8-A).ActiveCfg = Release|TwinCAT OS (ARMV8-A)
		{EFE31A9A-B21B-4418-9BC1-A57F19FFA43D}.Release|TwinCAT OS (ARMV8-A).Build.0 = Release|TwinCAT OS (ARMV8-A)
		{EFE31A9A-B21B-4418-9BC1-A57F19FFA43D}.Release|TwinCAT OS (x64).ActiveCfg = Release|TwinCAT OS (x64)
		{EFE31A9A-B21B-4418-9BC1-A57F19FFA43D}.Release|TwinCAT OS (x64).Build.0 = Release|TwinCAT OS (x64)
		{EFE31A9A-B21B-4418-9BC1-A57F19FFA43D}.Release|TwinCAT OS (x64-E).ActiveCfg = Release|TwinCAT OS (x64-E)
		{EFE31A9A-B21B-4418-9BC1-A57F19FFA43D}.Release|TwinCAT OS (x64-E).Build.0 = Release|TwinCAT OS (x64-E)
		{EFE31A9A-B21B-4418-9BC1-A57F19FFA43D}.Release|TwinCAT RT (x64).ActiveCfg = Release|TwinCAT RT (x64)
		{EFE31A9A-B21B-4418-9BC1-A57F19FFA43D}.Release|TwinCAT RT (x64).Build.0 = Release|TwinCAT RT (x64)
		{EFE31A9A-B21B-4418-9BC1-A57F19FFA43D}.Release|TwinCAT RT (x86).ActiveCfg = Release|TwinCAT RT (x86)
		{EFE31A9A-B21B-4418-9BC1-A57F19FFA43D}.Release|TwinCAT RT (x86).Build.0 = Release|TwinCAT RT (x86)
	EndGlobalSection
	GlobalSection(SolutionProperties) = preSolution
		HideSolutionNode = FALSE
	EndGlobalSection
	GlobalSection(ExtensibilityGlobals) = postSolution
		SolutionGuid = {6F6180C8-8A78-4528-A8E6-836553E86A43}
	EndGlobalSection
EndGlobal
