
Microsoft Visual Studio Solution File, Format Version 12.00
# TcXaeShell Solution File, Format Version 11.00
VisualStudioVersion = 17.10.35827.194
MinimumVisualStudioVersion = 10.0.40219.1
Project("{B1E792BE-AA5F-4E3C-8C82-674BF9C0715B}") = "B4Pipeline", "B4Pipeline\B4Pipeline.tsproj", "{4932A28F-3E66-46D0-A406-311E9901E067}"
EndProject
Project("{B1E792BE-AA5F-4E3C-8C82-674BF9C0715B}") = "PipelineTests_Tc", "PipelineTests_Tc\PipelineTests_Tc.tsproj", "{E044B356-8E6E-49CB-9171-6F7A59574BB4}"
EndProject
Global
	GlobalSection(SolutionConfigurationPlatforms) = preSolution
		Debug|TwinCAT OS (ARMV7-A) = Debug|TwinCAT OS (ARMV7-A)
		Debug|TwinCAT OS (ARMV7-M) = Debug|TwinCAT OS (ARMV7-M)
		Debug|TwinCAT OS (ARMV8-A) = Debug|TwinCAT OS (ARMV8-A)
		Debug|TwinCAT OS (x64) = Debug|TwinCAT OS (x64)
		Debug|TwinCAT OS (x64-E) = Debug|TwinCAT OS (x64-E)
		Debug|TwinCAT RT (x64) = Debug|TwinCAT RT (x64)
		Debug|TwinCAT RT (x86) = Debug|TwinCAT RT (x86)
		Release|TwinCAT OS (ARMV7-A) = Release|TwinCAT OS (ARMV7-A)
		Release|TwinCAT OS (ARMV7-M) = Release|TwinCAT OS (ARMV7-M)
		Release|TwinCAT OS (ARMV8-A) = Release|TwinCAT OS (ARMV8-A)
		Release|TwinCAT OS (x64) = Release|TwinCAT OS (x64)
		Release|TwinCAT OS (x64-E) = Release|TwinCAT OS (x64-E)
		Release|TwinCAT RT (x64) = Release|TwinCAT RT (x64)
		Release|TwinCAT RT (x86) = Release|TwinCAT RT (x86)
	EndGlobalSection
	GlobalSection(ProjectConfigurationPlatforms) = postSolution
		{4932A28F-3E66-46D0-A406-311E9901E067}.Debug|TwinCAT OS (ARMV7-A).ActiveCfg = Debug|TwinCAT OS (ARMV7-A)
		{4932A28F-3E66-46D0-A406-311E9901E067}.Debug|TwinCAT OS (ARMV7-A).Build.0 = Debug|TwinCAT OS (ARMV7-A)
		{4932A28F-3E66-46D0-A406-311E9901E067}.Debug|TwinCAT OS (ARMV7-M).ActiveCfg = Debug|TwinCAT OS (ARMV7-M)
		{4932A28F-3E66-46D0-A406-311E9901E067}.Debug|TwinCAT OS (ARMV7-M).Build.0 = Debug|TwinCAT OS (ARMV7-M)
		{4932A28F-3E66-46D0-A406-311E9901E067}.Debug|TwinCAT OS (ARMV8-A).ActiveCfg = Debug|TwinCAT OS (ARMV8-A)
		{4932A28F-3E66-46D0-A406-311E9901E067}.Debug|TwinCAT OS (ARMV8-A).Build.0 = Debug|TwinCAT OS (ARMV8-A)
		{4932A28F-3E66-46D0-A406-311E9901E067}.Debug|TwinCAT OS (x64).ActiveCfg = Debug|TwinCAT OS (x64)
		{4932A28F-3E66-46D0-A406-311E9901E067}.Debug|TwinCAT OS (x64).Build.0 = Debug|TwinCAT OS (x64)
		{4932A28F-3E66-46D0-A406-311E9901E067}.Debug|TwinCAT OS (x64-E).ActiveCfg = Debug|TwinCAT OS (x64-E)
		{4932A28F-3E66-46D0-A406-311E9901E067}.Debug|TwinCAT OS (x64-E).Build.0 = Debug|TwinCAT OS (x64-E)
		{4932A28F-3E66-46D0-A406-311E9901E067}.Debug|TwinCAT RT (x64).ActiveCfg = Debug|TwinCAT RT (x64)
		{4932A28F-3E66-46D0-A406-311E9901E067}.Debug|TwinCAT RT (x64).Build.0 = Debug|TwinCAT RT (x64)
		{4932A28F-3E66-46D0-A406-311E9901E067}.Debug|TwinCAT RT (x86).ActiveCfg = Debug|TwinCAT RT (x86)
		{4932A28F-3E66-46D0-A406-311E9901E067}.Debug|TwinCAT RT (x86).Build.0 = Debug|TwinCAT RT (x86)
		{4932A28F-3E66-46D0-A406-311E9901E067}.Release|TwinCAT OS (ARMV7-A).ActiveCfg = Release|TwinCAT OS (ARMV7-A)
		{4932A28F-3E66-46D0-A406-311E9901E067}.Release|TwinCAT OS (ARMV7-A).Build.0 = Release|TwinCAT OS (ARMV7-A)
		{4932A28F-3E66-46D0-A406-311E9901E067}.Release|TwinCAT OS (ARMV7-M).ActiveCfg = Release|TwinCAT OS (ARMV7-M)
		{4932A28F-3E66-46D0-A406-311E9901E067}.Release|TwinCAT OS (ARMV7-M).Build.0 = Release|TwinCAT OS (ARMV7-M)
		{4932A28F-3E66-46D0-A406-311E9901E067}.Release|TwinCAT OS (ARMV8-A).ActiveCfg = Release|TwinCAT OS (ARMV8-A)
		{4932A28F-3E66-46D0-A406-311E9901E067}.Release|TwinCAT OS (ARMV8-A).Build.0 = Release|TwinCAT OS (ARMV8-A)
		{4932A28F-3E66-46D0-A406-311E9901E067}.Release|TwinCAT OS (x64).ActiveCfg = Release|TwinCAT OS (x64)
		{4932A28F-3E66-46D0-A406-311E9901E067}.Release|TwinCAT OS (x64).Build.0 = Release|TwinCAT OS (x64)
		{4932A28F-3E66-46D0-A406-311E9901E067}.Release|TwinCAT OS (x64-E).ActiveCfg = Release|TwinCAT OS (x64-E)
		{4932A28F-3E66-46D0-A406-311E9901E067}.Release|TwinCAT OS (x64-E).Build.0 = Release|TwinCAT OS (x64-E)
		{4932A28F-3E66-46D0-A406-311E9901E067}.Release|TwinCAT RT (x64).ActiveCfg = Release|TwinCAT RT (x64)
		{4932A28F-3E66-46D0-A406-311E9901E067}.Release|TwinCAT RT (x64).Build.0 = Release|TwinCAT RT (x64)
		{4932A28F-3E66-46D0-A406-311E9901E067}.Release|TwinCAT RT (x86).ActiveCfg = Release|TwinCAT RT (x86)
		{4932A28F-3E66-46D0-A406-311E9901E067}.Release|TwinCAT RT (x86).Build.0 = Release|TwinCAT RT (x86)
		{2B919F42-7221-4C54-8B41-9655FEA25CB3}.Debug|TwinCAT OS (ARMV7-A).ActiveCfg = Debug|TwinCAT OS (ARMV7-A)
		{2B919F42-7221-4C54-8B41-9655FEA25CB3}.Debug|TwinCAT OS (ARMV7-A).Build.0 = Debug|TwinCAT OS (ARMV7-A)
		{2B919F42-7221-4C54-8B41-9655FEA25CB3}.Debug|TwinCAT OS (ARMV7-M).ActiveCfg = Debug|TwinCAT OS (ARMV7-M)
		{2B919F42-7221-4C54-8B41-9655FEA25CB3}.Debug|TwinCAT OS (ARMV7-M).Build.0 = Debug|TwinCAT OS (ARMV7-M)
		{2B919F42-7221-4C54-8B41-9655FEA25CB3}.Debug|TwinCAT OS (ARMV8-A).ActiveCfg = Debug|TwinCAT OS (ARMV8-A)
		{2B919F42-7221-4C54-8B41-9655FEA25CB3}.Debug|TwinCAT OS (ARMV8-A).Build.0 = Debug|TwinCAT OS (ARMV8-A)
		{2B919F42-7221-4C54-8B41-9655FEA25CB3}.Debug|TwinCAT OS (x64).ActiveCfg = Debug|TwinCAT OS (x64)
		{2B919F42-7221-4C54-8B41-9655FEA25CB3}.Debug|TwinCAT OS (x64).Build.0 = Debug|TwinCAT OS (x64)
		{2B919F42-7221-4C54-8B41-9655FEA25CB3}.Debug|TwinCAT OS (x64-E).ActiveCfg = Debug|TwinCAT OS (x64-E)
		{2B919F42-7221-4C54-8B41-9655FEA25CB3}.Debug|TwinCAT OS (x64-E).Build.0 = Debug|TwinCAT OS (x64-E)
		{2B919F42-7221-4C54-8B41-9655FEA25CB3}.Debug|TwinCAT RT (x64).ActiveCfg = Debug|TwinCAT RT (x64)
		{2B919F42-7221-4C54-8B41-9655FEA25CB3}.Debug|TwinCAT RT (x64).Build.0 = Debug|TwinCAT RT (x64)
		{2B919F42-7221-4C54-8B41-9655FEA25CB3}.Debug|TwinCAT RT (x86).ActiveCfg = Debug|TwinCAT RT (x86)
		{2B919F42-7221-4C54-8B41-9655FEA25CB3}.Debug|TwinCAT RT (x86).Build.0 = Debug|TwinCAT RT (x86)
		{2B919F42-7221-4C54-8B41-9655FEA25CB3}.Release|TwinCAT OS (ARMV7-A).ActiveCfg = Release|TwinCAT OS (ARMV7-A)
		{2B919F42-7221-4C54-8B41-9655FEA25CB3}.Release|TwinCAT OS (ARMV7-A).Build.0 = Release|TwinCAT OS (ARMV7-A)
		{2B919F42-7221-4C54-8B41-9655FEA25CB3}.Release|TwinCAT OS (ARMV7-M).ActiveCfg = Release|TwinCAT OS (ARMV7-M)
		{2B919F42-7221-4C54-8B41-9655FEA25CB3}.Release|TwinCAT OS (ARMV7-M).Build.0 = Release|TwinCAT OS (ARMV7-M)
		{2B919F42-7221-4C54-8B41-9655FEA25CB3}.Release|TwinCAT OS (ARMV8-A).ActiveCfg = Release|TwinCAT OS (ARMV8-A)
		{2B919F42-7221-4C54-8B41-9655FEA25CB3}.Release|TwinCAT OS (ARMV8-A).Build.0 = Release|TwinCAT OS (ARMV8-A)
		{2B919F42-7221-4C54-8B41-9655FEA25CB3}.Release|TwinCAT OS (x64).ActiveCfg = Release|TwinCAT OS (x64)
		{2B919F42-7221-4C54-8B41-9655FEA25CB3}.Release|TwinCAT OS (x64).Build.0 = Release|TwinCAT OS (x64)
		{2B919F42-7221-4C54-8B41-9655FEA25CB3}.Release|TwinCAT OS (x64-E).ActiveCfg = Release|TwinCAT OS (x64-E)
		{2B919F42-7221-4C54-8B41-9655FEA25CB3}.Release|TwinCAT OS (x64-E).Build.0 = Release|TwinCAT OS (x64-E)
		{2B919F42-7221-4C54-8B41-9655FEA25CB3}.Release|TwinCAT RT (x64).ActiveCfg = Release|TwinCAT RT (x64)
		{2B919F42-7221-4C54-8B41-9655FEA25CB3}.Release|TwinCAT RT (x64).Build.0 = Release|TwinCAT RT (x64)
		{2B919F42-7221-4C54-8B41-9655FEA25CB3}.Release|TwinCAT RT (x86).ActiveCfg = Release|TwinCAT RT (x86)
		{2B919F42-7221-4C54-8B41-9655FEA25CB3}.Release|TwinCAT RT (x86).Build.0 = Release|TwinCAT RT (x86)
		{E044B356-8E6E-49CB-9171-6F7A59574BB4}.Debug|TwinCAT OS (ARMV7-A).ActiveCfg = Debug|TwinCAT OS (ARMV7-A)
		{E044B356-8E6E-49CB-9171-6F7A59574BB4}.Debug|TwinCAT OS (ARMV7-A).Build.0 = Debug|TwinCAT OS (ARMV7-A)
		{E044B356-8E6E-49CB-9171-6F7A59574BB4}.Debug|TwinCAT OS (ARMV7-M).ActiveCfg = Debug|TwinCAT OS (ARMV7-M)
		{E044B356-8E6E-49CB-9171-6F7A59574BB4}.Debug|TwinCAT OS (ARMV7-M).Build.0 = Debug|TwinCAT OS (ARMV7-M)
		{E044B356-8E6E-49CB-9171-6F7A59574BB4}.Debug|TwinCAT OS (ARMV8-A).ActiveCfg = Debug|TwinCAT OS (ARMV8-A)
		{E044B356-8E6E-49CB-9171-6F7A59574BB4}.Debug|TwinCAT OS (ARMV8-A).Build.0 = Debug|TwinCAT OS (ARMV8-A)
		{E044B356-8E6E-49CB-9171-6F7A59574BB4}.Debug|TwinCAT OS (x64).ActiveCfg = Debug|TwinCAT OS (x64)
		{E044B356-8E6E-49CB-9171-6F7A59574BB4}.Debug|TwinCAT OS (x64).Build.0 = Debug|TwinCAT OS (x64)
		{E044B356-8E6E-49CB-9171-6F7A59574BB4}.Debug|TwinCAT OS (x64-E).ActiveCfg = Debug|TwinCAT OS (x64-E)
		{E044B356-8E6E-49CB-9171-6F7A59574BB4}.Debug|TwinCAT OS (x64-E).Build.0 = Debug|TwinCAT OS (x64-E)
		{E044B356-8E6E-49CB-9171-6F7A59574BB4}.Debug|TwinCAT RT (x64).ActiveCfg = Debug|TwinCAT RT (x64)
		{E044B356-8E6E-49CB-9171-6F7A59574BB4}.Debug|TwinCAT RT (x64).Build.0 = Debug|TwinCAT RT (x64)
		{E044B356-8E6E-49CB-9171-6F7A59574BB4}.Debug|TwinCAT RT (x86).ActiveCfg = Debug|TwinCAT RT (x86)
		{E044B356-8E6E-49CB-9171-6F7A59574BB4}.Debug|TwinCAT RT (x86).Build.0 = Debug|TwinCAT RT (x86)
		{E044B356-8E6E-49CB-9171-6F7A59574BB4}.Release|TwinCAT OS (ARMV7-A).ActiveCfg = Release|TwinCAT OS (ARMV7-A)
		{E044B356-8E6E-49CB-9171-6F7A59574BB4}.Release|TwinCAT OS (ARMV7-A).Build.0 = Release|TwinCAT OS (ARMV7-A)
		{E044B356-8E6E-49CB-9171-6F7A59574BB4}.Release|TwinCAT OS (ARMV7-M).ActiveCfg = Release|TwinCAT OS (ARMV7-M)
		{E044B356-8E6E-49CB-9171-6F7A59574BB4}.Release|TwinCAT OS (ARMV7-M).Build.0 = Release|TwinCAT OS (ARMV7-M)
		{E044B356-8E6E-49CB-9171-6F7A59574BB4}.Release|TwinCAT OS (ARMV8-A).ActiveCfg = Release|TwinCAT OS (ARMV8-A)
		{E044B356-8E6E-49CB-9171-6F7A59574BB4}.Release|TwinCAT OS (ARMV8-A).Build.0 = Release|TwinCAT OS (ARMV8-A)
		{E044B356-8E6E-49CB-9171-6F7A59574BB4}.Release|TwinCAT OS (x64).ActiveCfg = Release|TwinCAT OS (x64)
		{E044B356-8E6E-49CB-9171-6F7A59574BB4}.Release|TwinCAT OS (x64).Build.0 = Release|TwinCAT OS (x64)
		{E044B356-8E6E-49CB-9171-6F7A59574BB4}.Release|TwinCAT OS (x64-E).ActiveCfg = Release|TwinCAT OS (x64-E)
		{E044B356-8E6E-49CB-9171-6F7A59574BB4}.Release|TwinCAT OS (x64-E).Build.0 = Release|TwinCAT OS (x64-E)
		{E044B356-8E6E-49CB-9171-6F7A59574BB4}.Release|TwinCAT RT (x64).ActiveCfg = Release|TwinCAT RT (x64)
		{E044B356-8E6E-49CB-9171-6F7A59574BB4}.Release|TwinCAT RT (x64).Build.0 = Release|TwinCAT RT (x64)
		{E044B356-8E6E-49CB-9171-6F7A59574BB4}.Release|TwinCAT RT (x86).ActiveCfg = Release|TwinCAT RT (x86)
		{E044B356-8E6E-49CB-9171-6F7A59574BB4}.Release|TwinCAT RT (x86).Build.0 = Release|TwinCAT RT (x86)
		{C2B325ED-98E6-46ED-9717-2FC1A6F31877}.Debug|TwinCAT OS (ARMV7-A).ActiveCfg = Debug|TwinCAT OS (ARMV7-A)
		{C2B325ED-98E6-46ED-9717-2FC1A6F31877}.Debug|TwinCAT OS (ARMV7-A).Build.0 = Debug|TwinCAT OS (ARMV7-A)
		{C2B325ED-98E6-46ED-9717-2FC1A6F31877}.Debug|TwinCAT OS (ARMV7-M).ActiveCfg = Debug|TwinCAT OS (ARMV7-M)
		{C2B325ED-98E6-46ED-9717-2FC1A6F31877}.Debug|TwinCAT OS (ARMV7-M).Build.0 = Debug|TwinCAT OS (ARMV7-M)
		{C2B325ED-98E6-46ED-9717-2FC1A6F31877}.Debug|TwinCAT OS (ARMV8-A).ActiveCfg = Debug|TwinCAT OS (ARMV8-A)
		{C2B325ED-98E6-46ED-9717-2FC1A6F31877}.Debug|TwinCAT OS (ARMV8-A).Build.0 = Debug|TwinCAT OS (ARMV8-A)
		{C2B325ED-98E6-46ED-9717-2FC1A6F31877}.Debug|TwinCAT OS (x64).ActiveCfg = Debug|TwinCAT OS (x64)
		{C2B325ED-98E6-46ED-9717-2FC1A6F31877}.Debug|TwinCAT OS (x64).Build.0 = Debug|TwinCAT OS (x64)
		{C2B325ED-98E6-46ED-9717-2FC1A6F31877}.Debug|TwinCAT OS (x64-E).ActiveCfg = Debug|TwinCAT OS (x64-E)
		{C2B325ED-98E6-46ED-9717-2FC1A6F31877}.Debug|TwinCAT OS (x64-E).Build.0 = Debug|TwinCAT OS (x64-E)
		{C2B325ED-98E6-46ED-9717-2FC1A6F31877}.Debug|TwinCAT RT (x64).ActiveCfg = Debug|TwinCAT RT (x64)
		{C2B325ED-98E6-46ED-9717-2FC1A6F31877}.Debug|TwinCAT RT (x64).Build.0 = Debug|TwinCAT RT (x64)
		{C2B325ED-98E6-46ED-9717-2FC1A6F31877}.Debug|TwinCAT RT (x86).ActiveCfg = Debug|TwinCAT RT (x86)
		{C2B325ED-98E6-46ED-9717-2FC1A6F31877}.Debug|TwinCAT RT (x86).Build.0 = Debug|TwinCAT RT (x86)
		{C2B325ED-98E6-46ED-9717-2FC1A6F31877}.Release|TwinCAT OS (ARMV7-A).ActiveCfg = Release|TwinCAT OS (ARMV7-A)
		{C2B325ED-98E6-46ED-9717-2FC1A6F31877}.Release|TwinCAT OS (ARMV7-A).Build.0 = Release|TwinCAT OS (ARMV7-A)
		{C2B325ED-98E6-46ED-9717-2FC1A6F31877}.Release|TwinCAT OS (ARMV7-M).ActiveCfg = Release|TwinCAT OS (ARMV7-M)
		{C2B325ED-98E6-46ED-9717-2FC1A6F31877}.Release|TwinCAT OS (ARMV7-M).Build.0 = Release|TwinCAT OS (ARMV7-M)
		{C2B325ED-98E6-46ED-9717-2FC1A6F31877}.Release|TwinCAT OS (ARMV8-A).ActiveCfg = Release|TwinCAT OS (ARMV8-A)
		{C2B325ED-98E6-46ED-9717-2FC1A6F31877}.Release|TwinCAT OS (ARMV8-A).Build.0 = Release|TwinCAT OS (ARMV8-A)
		{C2B325ED-98E6-46ED-9717-2FC1A6F31877}.Release|TwinCAT OS (x64).ActiveCfg = Release|TwinCAT OS (x64)
		{C2B325ED-98E6-46ED-9717-2FC1A6F31877}.Release|TwinCAT OS (x64).Build.0 = Release|TwinCAT OS (x64)
		{C2B325ED-98E6-46ED-9717-2FC1A6F31877}.Release|TwinCAT OS (x64-E).ActiveCfg = Release|TwinCAT OS (x64-E)
		{C2B325ED-98E6-46ED-9717-2FC1A6F31877}.Release|TwinCAT OS (x64-E).Build.0 = Release|TwinCAT OS (x64-E)
		{C2B325ED-98E6-46ED-9717-2FC1A6F31877}.Release|TwinCAT RT (x64).ActiveCfg = Release|TwinCAT RT (x64)
		{C2B325ED-98E6-46ED-9717-2FC1A6F31877}.Release|TwinCAT RT (x64).Build.0 = Release|TwinCAT RT (x64)
		{C2B325ED-98E6-46ED-9717-2FC1A6F31877}.Release|TwinCAT RT (x86).ActiveCfg = Release|TwinCAT RT (x86)
		{C2B325ED-98E6-46ED-9717-2FC1A6F31877}.Release|TwinCAT RT (x86).Build.0 = Release|TwinCAT RT (x86)
	EndGlobalSection
	GlobalSection(SolutionProperties) = preSolution
		HideSolutionNode = FALSE
	EndGlobalSection
	GlobalSection(ExtensibilityGlobals) = postSolution
		SolutionGuid = {AFEBD823-0BF0-4A90-BC43-14D99CE75E52}
	EndGlobalSection
EndGlobal
